// !$*UTF8*$!
{
	archiveVersion = 1;
	classes = {
	};
	objectVersion = 55;
	objects = {

/* Begin PBXBuildFile section */
		771DF90828AFC85B00C182AC /* AppDelegate.swift in Sources */ = {isa = PBXBuildFile; fileRef = 771DF90728AFC85B00C182AC /* AppDelegate.swift */; };
		771DF90A28AFC85B00C182AC /* SceneDelegate.swift in Sources */ = {isa = PBXBuildFile; fileRef = 771DF90928AFC85B00C182AC /* SceneDelegate.swift */; };
		771DF91128AFC85B00C182AC /* Assets.xcassets in Resources */ = {isa = PBXBuildFile; fileRef = 771DF91028AFC85B00C182AC /* Assets.xcassets */; };
		771DF91428AFC85B00C182AC /* LaunchScreen.storyboard in Resources */ = {isa = PBXBuildFile; fileRef = 771DF91228AFC85B00C182AC /* LaunchScreen.storyboard */; };
		771DF91C28AFC88C00C182AC /* HomeViewController.swift in Sources */ = {isa = PBXBuildFile; fileRef = 771DF91B28AFC88C00C182AC /* HomeViewController.swift */; };
		771DF92528AFCACB00C182AC /* BaseView.swift in Sources */ = {isa = PBXBuildFile; fileRef = 771DF92428AFCACB00C182AC /* BaseView.swift */; };
		771DF92728AFCAD200C182AC /* BaseViewController.swift in Sources */ = {isa = PBXBuildFile; fileRef = 771DF92628AFCAD200C182AC /* BaseViewController.swift */; };
		771DF92928AFCCBF00C182AC /* HomeView.swift in Sources */ = {isa = PBXBuildFile; fileRef = 771DF92828AFCCBF00C182AC /* HomeView.swift */; };
		771DF92C28AFE16D00C182AC /* SearchingImageView.swift in Sources */ = {isa = PBXBuildFile; fileRef = 771DF92B28AFE16D00C182AC /* SearchingImageView.swift */; };
		771DF92E28AFE17700C182AC /* SearchingImageViewController.swift in Sources */ = {isa = PBXBuildFile; fileRef = 771DF92D28AFE17700C182AC /* SearchingImageViewController.swift */; };
		771DF93128B0050200C182AC /* Key.swift in Sources */ = {isa = PBXBuildFile; fileRef = 771DF93028B0050200C182AC /* Key.swift */; };
		771DF93328B006B700C182AC /* ImageCollectionViewCell.swift in Sources */ = {isa = PBXBuildFile; fileRef = 771DF93228B006B700C182AC /* ImageCollectionViewCell.swift */; };
		771DF93528B0088F00C182AC /* ImageCollectionView.swift in Sources */ = {isa = PBXBuildFile; fileRef = 771DF93428B0088F00C182AC /* ImageCollectionView.swift */; };
		771DF93728B01EBA00C182AC /* URLManger.swift in Sources */ = {isa = PBXBuildFile; fileRef = 771DF93628B01EBA00C182AC /* URLManger.swift */; };
		771DF93A28B01ECE00C182AC /* Alamofire in Frameworks */ = {isa = PBXBuildFile; productRef = 771DF93928B01ECE00C182AC /* Alamofire */; };
		771DF93D28B01ED800C182AC /* Kingfisher in Frameworks */ = {isa = PBXBuildFile; productRef = 771DF93C28B01ED800C182AC /* Kingfisher */; };
		771DF93F28B01F3000C182AC /* UnSplashModel.swift in Sources */ = {isa = PBXBuildFile; fileRef = 771DF93E28B01F3000C182AC /* UnSplashModel.swift */; };
		771DF94228B02D9D00C182AC /* SwiftyJSON in Frameworks */ = {isa = PBXBuildFile; productRef = 771DF94128B02D9D00C182AC /* SwiftyJSON */; };
		771DF94628B1167C00C182AC /* Toast in Frameworks */ = {isa = PBXBuildFile; productRef = 771DF94528B1167C00C182AC /* Toast */; };
/* End PBXBuildFile section */

/* Begin PBXFileReference section */
		771DF90428AFC85B00C182AC /* DiaryUnsplashApp.app */ = {isa = PBXFileReference; explicitFileType = wrapper.application; includeInIndex = 0; path = DiaryUnsplashApp.app; sourceTree = BUILT_PRODUCTS_DIR; };
		771DF90728AFC85B00C182AC /* AppDelegate.swift */ = {isa = PBXFileReference; lastKnownFileType = sourcecode.swift; path = AppDelegate.swift; sourceTree = "<group>"; };
		771DF90928AFC85B00C182AC /* SceneDelegate.swift */ = {isa = PBXFileReference; lastKnownFileType = sourcecode.swift; path = SceneDelegate.swift; sourceTree = "<group>"; };
		771DF91028AFC85B00C182AC /* Assets.xcassets */ = {isa = PBXFileReference; lastKnownFileType = folder.assetcatalog; path = Assets.xcassets; sourceTree = "<group>"; };
		771DF91328AFC85B00C182AC /* Base */ = {isa = PBXFileReference; lastKnownFileType = file.storyboard; name = Base; path = Base.lproj/LaunchScreen.storyboard; sourceTree = "<group>"; };
		771DF91528AFC85B00C182AC /* Info.plist */ = {isa = PBXFileReference; lastKnownFileType = text.plist.xml; path = Info.plist; sourceTree = "<group>"; };
		771DF91B28AFC88C00C182AC /* HomeViewController.swift */ = {isa = PBXFileReference; lastKnownFileType = sourcecode.swift; path = HomeViewController.swift; sourceTree = "<group>"; };
		771DF92428AFCACB00C182AC /* BaseView.swift */ = {isa = PBXFileReference; lastKnownFileType = sourcecode.swift; path = BaseView.swift; sourceTree = "<group>"; };
		771DF92628AFCAD200C182AC /* BaseViewController.swift */ = {isa = PBXFileReference; lastKnownFileType = sourcecode.swift; path = BaseViewController.swift; sourceTree = "<group>"; };
		771DF92828AFCCBF00C182AC /* HomeView.swift */ = {isa = PBXFileReference; lastKnownFileType = sourcecode.swift; path = HomeView.swift; sourceTree = "<group>"; };
		771DF92B28AFE16D00C182AC /* SearchingImageView.swift */ = {isa = PBXFileReference; lastKnownFileType = sourcecode.swift; path = SearchingImageView.swift; sourceTree = "<group>"; };
		771DF92D28AFE17700C182AC /* SearchingImageViewController.swift */ = {isa = PBXFileReference; lastKnownFileType = sourcecode.swift; path = SearchingImageViewController.swift; sourceTree = "<group>"; };
		771DF93028B0050200C182AC /* Key.swift */ = {isa = PBXFileReference; lastKnownFileType = sourcecode.swift; path = Key.swift; sourceTree = "<group>"; };
		771DF93228B006B700C182AC /* ImageCollectionViewCell.swift */ = {isa = PBXFileReference; lastKnownFileType = sourcecode.swift; path = ImageCollectionViewCell.swift; sourceTree = "<group>"; };
		771DF93428B0088F00C182AC /* ImageCollectionView.swift */ = {isa = PBXFileReference; lastKnownFileType = sourcecode.swift; path = ImageCollectionView.swift; sourceTree = "<group>"; };
		771DF93628B01EBA00C182AC /* URLManger.swift */ = {isa = PBXFileReference; lastKnownFileType = sourcecode.swift; path = URLManger.swift; sourceTree = "<group>"; };
		771DF93E28B01F3000C182AC /* UnSplashModel.swift */ = {isa = PBXFileReference; lastKnownFileType = sourcecode.swift; path = UnSplashModel.swift; sourceTree = "<group>"; };
/* End PBXFileReference section */

/* Begin PBXFrameworksBuildPhase section */
		771DF90128AFC85B00C182AC /* Frameworks */ = {
			isa = PBXFrameworksBuildPhase;
			buildActionMask = 2147483647;
			files = (
				771DF94628B1167C00C182AC /* Toast in Frameworks */,
				771DF94228B02D9D00C182AC /* SwiftyJSON in Frameworks */,
				771DF93D28B01ED800C182AC /* Kingfisher in Frameworks */,
				771DF93A28B01ECE00C182AC /* Alamofire in Frameworks */,
			);
			runOnlyForDeploymentPostprocessing = 0;
		};
/* End PBXFrameworksBuildPhase section */

/* Begin PBXGroup section */
		771DF8FB28AFC85B00C182AC = {
			isa = PBXGroup;
			children = (
				771DF90628AFC85B00C182AC /* DiaryUnsplashApp */,
				771DF90528AFC85B00C182AC /* Products */,
			);
			sourceTree = "<group>";
		};
		771DF90528AFC85B00C182AC /* Products */ = {
			isa = PBXGroup;
			children = (
				771DF90428AFC85B00C182AC /* DiaryUnsplashApp.app */,
			);
			name = Products;
			sourceTree = "<group>";
		};
		771DF90628AFC85B00C182AC /* DiaryUnsplashApp */ = {
			isa = PBXGroup;
			children = (
				771DF91528AFC85B00C182AC /* Info.plist */,
				771DF91E28AFC93800C182AC /* Application */,
				771DF92328AFCAB100C182AC /* Utility */,
				771DF92A28AFCD6600C182AC /* View */,
				771DF91D28AFC92E00C182AC /* ViewController */,
				771DF91F28AFC95500C182AC /* Model */,
				771DF92F28B004F300C182AC /* API */,
				771DF92128AFC97500C182AC /* Extesnion */,
				771DF92028AFC95C00C182AC /* Assets */,
			);
			path = DiaryUnsplashApp;
			sourceTree = "<group>";
		};
		771DF91D28AFC92E00C182AC /* ViewController */ = {
			isa = PBXGroup;
			children = (
				771DF91B28AFC88C00C182AC /* HomeViewController.swift */,
				771DF92D28AFE17700C182AC /* SearchingImageViewController.swift */,
			);
			path = ViewController;
			sourceTree = "<group>";
		};
		771DF91E28AFC93800C182AC /* Application */ = {
			isa = PBXGroup;
			children = (
				771DF90728AFC85B00C182AC /* AppDelegate.swift */,
				771DF90928AFC85B00C182AC /* SceneDelegate.swift */,
				771DF91228AFC85B00C182AC /* LaunchScreen.storyboard */,
			);
			path = Application;
			sourceTree = "<group>";
		};
		771DF91F28AFC95500C182AC /* Model */ = {
			isa = PBXGroup;
			children = (
				771DF93028B0050200C182AC /* Key.swift */,
				771DF93E28B01F3000C182AC /* UnSplashModel.swift */,
			);
			path = Model;
			sourceTree = "<group>";
		};
		771DF92028AFC95C00C182AC /* Assets */ = {
			isa = PBXGroup;
			children = (
				771DF91028AFC85B00C182AC /* Assets.xcassets */,
			);
			path = Assets;
			sourceTree = "<group>";
		};
		771DF92128AFC97500C182AC /* Extesnion */ = {
			isa = PBXGroup;
			children = (
			);
			path = Extesnion;
			sourceTree = "<group>";
		};
		771DF92328AFCAB100C182AC /* Utility */ = {
			isa = PBXGroup;
			children = (
				771DF92428AFCACB00C182AC /* BaseView.swift */,
				771DF92628AFCAD200C182AC /* BaseViewController.swift */,
			);
			path = Utility;
			sourceTree = "<group>";
		};
		771DF92A28AFCD6600C182AC /* View */ = {
			isa = PBXGroup;
			children = (
				771DF92828AFCCBF00C182AC /* HomeView.swift */,
				771DF92B28AFE16D00C182AC /* SearchingImageView.swift */,
				771DF93428B0088F00C182AC /* ImageCollectionView.swift */,
				771DF93228B006B700C182AC /* ImageCollectionViewCell.swift */,
			);
			path = View;
			sourceTree = "<group>";
		};
		771DF92F28B004F300C182AC /* API */ = {
			isa = PBXGroup;
			children = (
				771DF93628B01EBA00C182AC /* URLManger.swift */,
			);
			path = API;
			sourceTree = "<group>";
		};
/* End PBXGroup section */

/* Begin PBXNativeTarget section */
		771DF90328AFC85B00C182AC /* DiaryUnsplashApp */ = {
			isa = PBXNativeTarget;
			buildConfigurationList = 771DF91828AFC85B00C182AC /* Build configuration list for PBXNativeTarget "DiaryUnsplashApp" */;
			buildPhases = (
				771DF90028AFC85B00C182AC /* Sources */,
				771DF90128AFC85B00C182AC /* Frameworks */,
				771DF90228AFC85B00C182AC /* Resources */,
			);
			buildRules = (
			);
			dependencies = (
			);
			name = DiaryUnsplashApp;
			packageProductDependencies = (
				771DF93928B01ECE00C182AC /* Alamofire */,
				771DF93C28B01ED800C182AC /* Kingfisher */,
				771DF94128B02D9D00C182AC /* SwiftyJSON */,
				771DF94528B1167C00C182AC /* Toast */,
			);
			productName = DiaryUnsplashApp;
			productReference = 771DF90428AFC85B00C182AC /* DiaryUnsplashApp.app */;
			productType = "com.apple.product-type.application";
		};
/* End PBXNativeTarget section */

/* Begin PBXProject section */
		771DF8FC28AFC85B00C182AC /* Project object */ = {
			isa = PBXProject;
			attributes = {
				BuildIndependentTargetsInParallel = 1;
				LastSwiftUpdateCheck = 1340;
				LastUpgradeCheck = 1340;
				TargetAttributes = {
					771DF90328AFC85B00C182AC = {
						CreatedOnToolsVersion = 13.4.1;
					};
				};
			};
			buildConfigurationList = 771DF8FF28AFC85B00C182AC /* Build configuration list for PBXProject "DiaryUnsplashApp" */;
			compatibilityVersion = "Xcode 13.0";
			developmentRegion = en;
			hasScannedForEncodings = 0;
			knownRegions = (
				en,
				Base,
			);
			mainGroup = 771DF8FB28AFC85B00C182AC;
			packageReferences = (
				771DF93828B01ECE00C182AC /* XCRemoteSwiftPackageReference "Alamofire" */,
				771DF93B28B01ED800C182AC /* XCRemoteSwiftPackageReference "Kingfisher" */,
				771DF94028B02D9D00C182AC /* XCRemoteSwiftPackageReference "SwiftyJSON" */,
				771DF94428B1167B00C182AC /* XCRemoteSwiftPackageReference "Toast-Swift" */,
			);
			productRefGroup = 771DF90528AFC85B00C182AC /* Products */;
			projectDirPath = "";
			projectRoot = "";
			targets = (
				771DF90328AFC85B00C182AC /* DiaryUnsplashApp */,
			);
		};
/* End PBXProject section */

/* Begin PBXResourcesBuildPhase section */
		771DF90228AFC85B00C182AC /* Resources */ = {
			isa = PBXResourcesBuildPhase;
			buildActionMask = 2147483647;
			files = (
				771DF91428AFC85B00C182AC /* LaunchScreen.storyboard in Resources */,
				771DF91128AFC85B00C182AC /* Assets.xcassets in Resources */,
			);
			runOnlyForDeploymentPostprocessing = 0;
		};
/* End PBXResourcesBuildPhase section */

/* Begin PBXSourcesBuildPhase section */
		771DF90028AFC85B00C182AC /* Sources */ = {
			isa = PBXSourcesBuildPhase;
			buildActionMask = 2147483647;
			files = (
				771DF92728AFCAD200C182AC /* BaseViewController.swift in Sources */,
				771DF90828AFC85B00C182AC /* AppDelegate.swift in Sources */,
				771DF90A28AFC85B00C182AC /* SceneDelegate.swift in Sources */,
				771DF92928AFCCBF00C182AC /* HomeView.swift in Sources */,
				771DF91C28AFC88C00C182AC /* HomeViewController.swift in Sources */,
				771DF93528B0088F00C182AC /* ImageCollectionView.swift in Sources */,
				771DF92C28AFE16D00C182AC /* SearchingImageView.swift in Sources */,
				771DF93328B006B700C182AC /* ImageCollectionViewCell.swift in Sources */,
				771DF93F28B01F3000C182AC /* UnSplashModel.swift in Sources */,
				771DF92E28AFE17700C182AC /* SearchingImageViewController.swift in Sources */,
				771DF93128B0050200C182AC /* Key.swift in Sources */,
				771DF92528AFCACB00C182AC /* BaseView.swift in Sources */,
				771DF93728B01EBA00C182AC /* URLManger.swift in Sources */,
			);
			runOnlyForDeploymentPostprocessing = 0;
		};
/* End PBXSourcesBuildPhase section */

/* Begin PBXVariantGroup section */
		771DF91228AFC85B00C182AC /* LaunchScreen.storyboard */ = {
			isa = PBXVariantGroup;
			children = (
				771DF91328AFC85B00C182AC /* Base */,
			);
			name = LaunchScreen.storyboard;
			sourceTree = "<group>";
		};
/* End PBXVariantGroup section */

/* Begin XCBuildConfiguration section */
		771DF91628AFC85B00C182AC /* Debug */ = {
			isa = XCBuildConfiguration;
			buildSettings = {
				ALWAYS_SEARCH_USER_PATHS = NO;
				CLANG_ANALYZER_NONNULL = YES;
				CLANG_ANALYZER_NUMBER_OBJECT_CONVERSION = YES_AGGRESSIVE;
				CLANG_CXX_LANGUAGE_STANDARD = "gnu++17";
				CLANG_ENABLE_MODULES = YES;
				CLANG_ENABLE_OBJC_ARC = YES;
				CLANG_ENABLE_OBJC_WEAK = YES;
				CLANG_WARN_BLOCK_CAPTURE_AUTORELEASING = YES;
				CLANG_WARN_BOOL_CONVERSION = YES;
				CLANG_WARN_COMMA = YES;
				CLANG_WARN_CONSTANT_CONVERSION = YES;
				CLANG_WARN_DEPRECATED_OBJC_IMPLEMENTATIONS = YES;
				CLANG_WARN_DIRECT_OBJC_ISA_USAGE = YES_ERROR;
				CLANG_WARN_DOCUMENTATION_COMMENTS = YES;
				CLANG_WARN_EMPTY_BODY = YES;
				CLANG_WARN_ENUM_CONVERSION = YES;
				CLANG_WARN_INFINITE_RECURSION = YES;
				CLANG_WARN_INT_CONVERSION = YES;
				CLANG_WARN_NON_LITERAL_NULL_CONVERSION = YES;
				CLANG_WARN_OBJC_IMPLICIT_RETAIN_SELF = YES;
				CLANG_WARN_OBJC_LITERAL_CONVERSION = YES;
				CLANG_WARN_OBJC_ROOT_CLASS = YES_ERROR;
				CLANG_WARN_QUOTED_INCLUDE_IN_FRAMEWORK_HEADER = YES;
				CLANG_WARN_RANGE_LOOP_ANALYSIS = YES;
				CLANG_WARN_STRICT_PROTOTYPES = YES;
				CLANG_WARN_SUSPICIOUS_MOVE = YES;
				CLANG_WARN_UNGUARDED_AVAILABILITY = YES_AGGRESSIVE;
				CLANG_WARN_UNREACHABLE_CODE = YES;
				CLANG_WARN__DUPLICATE_METHOD_MATCH = YES;
				COPY_PHASE_STRIP = NO;
				DEBUG_INFORMATION_FORMAT = dwarf;
				ENABLE_STRICT_OBJC_MSGSEND = YES;
				ENABLE_TESTABILITY = YES;
				GCC_C_LANGUAGE_STANDARD = gnu11;
				GCC_DYNAMIC_NO_PIC = NO;
				GCC_NO_COMMON_BLOCKS = YES;
				GCC_OPTIMIZATION_LEVEL = 0;
				GCC_PREPROCESSOR_DEFINITIONS = (
					"DEBUG=1",
					"$(inherited)",
				);
				GCC_WARN_64_TO_32_BIT_CONVERSION = YES;
				GCC_WARN_ABOUT_RETURN_TYPE = YES_ERROR;
				GCC_WARN_UNDECLARED_SELECTOR = YES;
				GCC_WARN_UNINITIALIZED_AUTOS = YES_AGGRESSIVE;
				GCC_WARN_UNUSED_FUNCTION = YES;
				GCC_WARN_UNUSED_VARIABLE = YES;
				IPHONEOS_DEPLOYMENT_TARGET = 15.5;
				MTL_ENABLE_DEBUG_INFO = INCLUDE_SOURCE;
				MTL_FAST_MATH = YES;
				ONLY_ACTIVE_ARCH = YES;
				SDKROOT = iphoneos;
				SWIFT_ACTIVE_COMPILATION_CONDITIONS = DEBUG;
				SWIFT_OPTIMIZATION_LEVEL = "-Onone";
			};
			name = Debug;
		};
		771DF91728AFC85B00C182AC /* Release */ = {
			isa = XCBuildConfiguration;
			buildSettings = {
				ALWAYS_SEARCH_USER_PATHS = NO;
				CLANG_ANALYZER_NONNULL = YES;
				CLANG_ANALYZER_NUMBER_OBJECT_CONVERSION = YES_AGGRESSIVE;
				CLANG_CXX_LANGUAGE_STANDARD = "gnu++17";
				CLANG_ENABLE_MODULES = YES;
				CLANG_ENABLE_OBJC_ARC = YES;
				CLANG_ENABLE_OBJC_WEAK = YES;
				CLANG_WARN_BLOCK_CAPTURE_AUTORELEASING = YES;
				CLANG_WARN_BOOL_CONVERSION = YES;
				CLANG_WARN_COMMA = YES;
				CLANG_WARN_CONSTANT_CONVERSION = YES;
				CLANG_WARN_DEPRECATED_OBJC_IMPLEMENTATIONS = YES;
				CLANG_WARN_DIRECT_OBJC_ISA_USAGE = YES_ERROR;
				CLANG_WARN_DOCUMENTATION_COMMENTS = YES;
				CLANG_WARN_EMPTY_BODY = YES;
				CLANG_WARN_ENUM_CONVERSION = YES;
				CLANG_WARN_INFINITE_RECURSION = YES;
				CLANG_WARN_INT_CONVERSION = YES;
				CLANG_WARN_NON_LITERAL_NULL_CONVERSION = YES;
				CLANG_WARN_OBJC_IMPLICIT_RETAIN_SELF = YES;
				CLANG_WARN_OBJC_LITERAL_CONVERSION = YES;
				CLANG_WARN_OBJC_ROOT_CLASS = YES_ERROR;
				CLANG_WARN_QUOTED_INCLUDE_IN_FRAMEWORK_HEADER = YES;
				CLANG_WARN_RANGE_LOOP_ANALYSIS = YES;
				CLANG_WARN_STRICT_PROTOTYPES = YES;
				CLANG_WARN_SUSPICIOUS_MOVE = YES;
				CLANG_WARN_UNGUARDED_AVAILABILITY = YES_AGGRESSIVE;
				CLANG_WARN_UNREACHABLE_CODE = YES;
				CLANG_WARN__DUPLICATE_METHOD_MATCH = YES;
				COPY_PHASE_STRIP = NO;
				DEBUG_INFORMATION_FORMAT = "dwarf-with-dsym";
				ENABLE_NS_ASSERTIONS = NO;
				ENABLE_STRICT_OBJC_MSGSEND = YES;
				GCC_C_LANGUAGE_STANDARD = gnu11;
				GCC_NO_COMMON_BLOCKS = YES;
				GCC_WARN_64_TO_32_BIT_CONVERSION = YES;
				GCC_WARN_ABOUT_RETURN_TYPE = YES_ERROR;
				GCC_WARN_UNDECLARED_SELECTOR = YES;
				GCC_WARN_UNINITIALIZED_AUTOS = YES_AGGRESSIVE;
				GCC_WARN_UNUSED_FUNCTION = YES;
				GCC_WARN_UNUSED_VARIABLE = YES;
				IPHONEOS_DEPLOYMENT_TARGET = 15.5;
				MTL_ENABLE_DEBUG_INFO = NO;
				MTL_FAST_MATH = YES;
				SDKROOT = iphoneos;
				SWIFT_COMPILATION_MODE = wholemodule;
				SWIFT_OPTIMIZATION_LEVEL = "-O";
				VALIDATE_PRODUCT = YES;
			};
			name = Release;
		};
		771DF91928AFC85B00C182AC /* Debug */ = {
			isa = XCBuildConfiguration;
			buildSettings = {
				ASSETCATALOG_COMPILER_APPICON_NAME = AppIcon;
				ASSETCATALOG_COMPILER_GLOBAL_ACCENT_COLOR_NAME = AccentColor;
				CODE_SIGN_STYLE = Automatic;
				CURRENT_PROJECT_VERSION = 1;
				DEVELOPMENT_TEAM = 5286U5DLX4;
				GENERATE_INFOPLIST_FILE = YES;
				INFOPLIST_FILE = DiaryUnsplashApp/Info.plist;
				INFOPLIST_KEY_UIApplicationSupportsIndirectInputEvents = YES;
				INFOPLIST_KEY_UILaunchStoryboardName = LaunchScreen;
				INFOPLIST_KEY_UISupportedInterfaceOrientations_iPad = "UIInterfaceOrientationPortrait UIInterfaceOrientationPortraitUpsideDown UIInterfaceOrientationLandscapeLeft UIInterfaceOrientationLandscapeRight";
				INFOPLIST_KEY_UISupportedInterfaceOrientations_iPhone = "UIInterfaceOrientationPortrait UIInterfaceOrientationLandscapeLeft UIInterfaceOrientationLandscapeRight";
				LD_RUNPATH_SEARCH_PATHS = (
					"$(inherited)",
					"@executable_path/Frameworks",
				);
				MARKETING_VERSION = 1.0;
				PRODUCT_BUNDLE_IDENTIFIER = com.MosonLee.DiaryUnsplashApp;
				PRODUCT_NAME = "$(TARGET_NAME)";
				SWIFT_EMIT_LOC_STRINGS = YES;
				SWIFT_VERSION = 5.0;
				TARGETED_DEVICE_FAMILY = "1,2";
			};
			name = Debug;
		};
		771DF91A28AFC85B00C182AC /* Release */ = {
			isa = XCBuildConfiguration;
			buildSettings = {
				ASSETCATALOG_COMPILER_APPICON_NAME = AppIcon;
				ASSETCATALOG_COMPILER_GLOBAL_ACCENT_COLOR_NAME = AccentColor;
				CODE_SIGN_STYLE = Automatic;
				CURRENT_PROJECT_VERSION = 1;
				DEVELOPMENT_TEAM = 5286U5DLX4;
				GENERATE_INFOPLIST_FILE = YES;
				INFOPLIST_FILE = DiaryUnsplashApp/Info.plist;
				INFOPLIST_KEY_UIApplicationSupportsIndirectInputEvents = YES;
				INFOPLIST_KEY_UILaunchStoryboardName = LaunchScreen;
				INFOPLIST_KEY_UISupportedInterfaceOrientations_iPad = "UIInterfaceOrientationPortrait UIInterfaceOrientationPortraitUpsideDown UIInterfaceOrientationLandscapeLeft UIInterfaceOrientationLandscapeRight";
				INFOPLIST_KEY_UISupportedInterfaceOrientations_iPhone = "UIInterfaceOrientationPortrait UIInterfaceOrientationLandscapeLeft UIInterfaceOrientationLandscapeRight";
				LD_RUNPATH_SEARCH_PATHS = (
					"$(inherited)",
					"@executable_path/Frameworks",
				);
				MARKETING_VERSION = 1.0;
				PRODUCT_BUNDLE_IDENTIFIER = com.MosonLee.DiaryUnsplashApp;
				PRODUCT_NAME = "$(TARGET_NAME)";
				SWIFT_EMIT_LOC_STRINGS = YES;
				SWIFT_VERSION = 5.0;
				TARGETED_DEVICE_FAMILY = "1,2";
			};
			name = Release;
		};
/* End XCBuildConfiguration section */

/* Begin XCConfigurationList section */
		771DF8FF28AFC85B00C182AC /* Build configuration list for PBXProject "DiaryUnsplashApp" */ = {
			isa = XCConfigurationList;
			buildConfigurations = (
				771DF91628AFC85B00C182AC /* Debug */,
				771DF91728AFC85B00C182AC /* Release */,
			);
			defaultConfigurationIsVisible = 0;
			defaultConfigurationName = Release;
		};
		771DF91828AFC85B00C182AC /* Build configuration list for PBXNativeTarget "DiaryUnsplashApp" */ = {
			isa = XCConfigurationList;
			buildConfigurations = (
				771DF91928AFC85B00C182AC /* Debug */,
				771DF91A28AFC85B00C182AC /* Release */,
			);
			defaultConfigurationIsVisible = 0;
			defaultConfigurationName = Release;
		};
/* End XCConfigurationList section */

/* Begin XCRemoteSwiftPackageReference section */
		771DF93828B01ECE00C182AC /* XCRemoteSwiftPackageReference "Alamofire" */ = {
			isa = XCRemoteSwiftPackageReference;
			repositoryURL = "https://github.com/Alamofire/Alamofire.git";
			requirement = {
				kind = upToNextMajorVersion;
				minimumVersion = 5.0.0;
			};
		};
		771DF93B28B01ED800C182AC /* XCRemoteSwiftPackageReference "Kingfisher" */ = {
			isa = XCRemoteSwiftPackageReference;
			repositoryURL = "https://github.com/onevcat/Kingfisher.git";
			requirement = {
				branch = master;
				kind = branch;
			};
		};
		771DF94028B02D9D00C182AC /* XCRemoteSwiftPackageReference "SwiftyJSON" */ = {
			isa = XCRemoteSwiftPackageReference;
			repositoryURL = "https://github.com/SwiftyJSON/SwiftyJSON.git";
			requirement = {
				kind = upToNextMajorVersion;
				minimumVersion = 5.0.0;
			};
		};
		771DF94428B1167B00C182AC /* XCRemoteSwiftPackageReference "Toast-Swift" */ = {
			isa = XCRemoteSwiftPackageReference;
			repositoryURL = "https://github.com/scalessec/Toast-Swift.git";
			requirement = {
				branch = master;
				kind = branch;
			};
		};
/* End XCRemoteSwiftPackageReference section */

/* Begin XCSwiftPackageProductDependency section */
		771DF93928B01ECE00C182AC /* Alamofire */ = {
			isa = XCSwiftPackageProductDependency;
			package = 771DF93828B01ECE00C182AC /* XCRemoteSwiftPackageReference "Alamofire" */;
			productName = Alamofire;
		};
		771DF93C28B01ED800C182AC /* Kingfisher */ = {
			isa = XCSwiftPackageProductDependency;
			package = 771DF93B28B01ED800C182AC /* XCRemoteSwiftPackageReference "Kingfisher" */;
			productName = Kingfisher;
		};
		771DF94128B02D9D00C182AC /* SwiftyJSON */ = {
			isa = XCSwiftPackageProductDependency;
			package = 771DF94028B02D9D00C182AC /* XCRemoteSwiftPackageReference "SwiftyJSON" */;
			productName = SwiftyJSON;
		};
		771DF94528B1167C00C182AC /* Toast */ = {
			isa = XCSwiftPackageProductDependency;
			package = 771DF94428B1167B00C182AC /* XCRemoteSwiftPackageReference "Toast-Swift" */;
			productName = Toast;
		};
/* End XCSwiftPackageProductDependency section */
	};
	rootObject = 771DF8FC28AFC85B00C182AC /* Project object */;
}
