// !$*UTF8*$!
{
	archiveVersion = 1;
	classes = {
	};
	objectVersion = 56;
	objects = {

/* Begin PBXBuildFile section */
		7746547329077A330013CF6F /* SubjectViewController.swift in Sources */ = {isa = PBXBuildFile; fileRef = 7746547229077A330013CF6F /* SubjectViewController.swift */; };
		77465475290788A10013CF6F /* SubjectViewModel.swift in Sources */ = {isa = PBXBuildFile; fileRef = 77465474290788A10013CF6F /* SubjectViewModel.swift */; };
		779598B7290625C60056665D /* RxCocoaExampleViewController.swift in Sources */ = {isa = PBXBuildFile; fileRef = 779598B6290625C60056665D /* RxCocoaExampleViewController.swift */; };
		77A8ED812908CBB600BAB14A /* SubscribeViewController.swift in Sources */ = {isa = PBXBuildFile; fileRef = 77A8ED802908CBB600BAB14A /* SubscribeViewController.swift */; };
		77B4A46529062327001466DD /* RxCocoa in Frameworks */ = {isa = PBXBuildFile; productRef = 77B4A46429062327001466DD /* RxCocoa */; };
		77B4A46729062327001466DD /* RxSwift in Frameworks */ = {isa = PBXBuildFile; productRef = 77B4A46629062327001466DD /* RxSwift */; };
		77BE656A28FE2DD400E2AE87 /* AppDelegate.swift in Sources */ = {isa = PBXBuildFile; fileRef = 77BE656928FE2DD400E2AE87 /* AppDelegate.swift */; };
		77BE656C28FE2DD400E2AE87 /* SceneDelegate.swift in Sources */ = {isa = PBXBuildFile; fileRef = 77BE656B28FE2DD400E2AE87 /* SceneDelegate.swift */; };
		77BE656E28FE2DD400E2AE87 /* SimpleTableViewController.swift in Sources */ = {isa = PBXBuildFile; fileRef = 77BE656D28FE2DD400E2AE87 /* SimpleTableViewController.swift */; };
		77BE657128FE2DD400E2AE87 /* Main.storyboard in Resources */ = {isa = PBXBuildFile; fileRef = 77BE656F28FE2DD400E2AE87 /* Main.storyboard */; };
		77BE657328FE2DD500E2AE87 /* Assets.xcassets in Resources */ = {isa = PBXBuildFile; fileRef = 77BE657228FE2DD500E2AE87 /* Assets.xcassets */; };
		77BE657628FE2DD500E2AE87 /* LaunchScreen.storyboard in Resources */ = {isa = PBXBuildFile; fileRef = 77BE657428FE2DD500E2AE87 /* LaunchScreen.storyboard */; };
		77BE657E28FE390700E2AE87 /* SimpleCollectionViewController.swift in Sources */ = {isa = PBXBuildFile; fileRef = 77BE657D28FE390700E2AE87 /* SimpleCollectionViewController.swift */; };
		77BE658228FF906600E2AE87 /* DiffableCollectionViewController.swift in Sources */ = {isa = PBXBuildFile; fileRef = 77BE658128FF906600E2AE87 /* DiffableCollectionViewController.swift */; };
		77BE65AA2900CF9E00E2AE87 /* CObservable.swift in Sources */ = {isa = PBXBuildFile; fileRef = 77BE65A92900CF9E00E2AE87 /* CObservable.swift */; };
		77BE65AC2900D13500E2AE87 /* NewsViewController.swift in Sources */ = {isa = PBXBuildFile; fileRef = 77BE65AB2900D13500E2AE87 /* NewsViewController.swift */; };
		77BE65AE2900D24800E2AE87 /* NewsViewModel.swift in Sources */ = {isa = PBXBuildFile; fileRef = 77BE65AD2900D24800E2AE87 /* NewsViewModel.swift */; };
		77BE65B02900D77F00E2AE87 /* News.swift in Sources */ = {isa = PBXBuildFile; fileRef = 77BE65AF2900D77F00E2AE87 /* News.swift */; };
		77BE65B22900ED6C00E2AE87 /* DiffableViewModel.swift in Sources */ = {isa = PBXBuildFile; fileRef = 77BE65B12900ED6C00E2AE87 /* DiffableViewModel.swift */; };
		77BE65B42900EDF000E2AE87 /* APIService.swift in Sources */ = {isa = PBXBuildFile; fileRef = 77BE65B32900EDF000E2AE87 /* APIService.swift */; };
		77BE65B62900EE3B00E2AE87 /* APIKey.swift in Sources */ = {isa = PBXBuildFile; fileRef = 77BE65B52900EE3B00E2AE87 /* APIKey.swift */; };
		77BE65B82900EF7800E2AE87 /* SearchPhoto.swift in Sources */ = {isa = PBXBuildFile; fileRef = 77BE65B72900EF7800E2AE87 /* SearchPhoto.swift */; };
		77BE65BB2900F10B00E2AE87 /* Alamofire in Frameworks */ = {isa = PBXBuildFile; productRef = 77BE65BA2900F10B00E2AE87 /* Alamofire */; };
		77BE65BE2900F12D00E2AE87 /* Kingfisher in Frameworks */ = {isa = PBXBuildFile; productRef = 77BE65BD2900F12D00E2AE87 /* Kingfisher */; };
/* End PBXBuildFile section */

/* Begin PBXFileReference section */
		7746547229077A330013CF6F /* SubjectViewController.swift */ = {isa = PBXFileReference; lastKnownFileType = sourcecode.swift; path = SubjectViewController.swift; sourceTree = "<group>"; };
		77465474290788A10013CF6F /* SubjectViewModel.swift */ = {isa = PBXFileReference; lastKnownFileType = sourcecode.swift; path = SubjectViewModel.swift; sourceTree = "<group>"; };
		779598B6290625C60056665D /* RxCocoaExampleViewController.swift */ = {isa = PBXFileReference; lastKnownFileType = sourcecode.swift; path = RxCocoaExampleViewController.swift; sourceTree = "<group>"; };
		77A8ED802908CBB600BAB14A /* SubscribeViewController.swift */ = {isa = PBXFileReference; lastKnownFileType = sourcecode.swift; path = SubscribeViewController.swift; sourceTree = "<group>"; };
		77BE656628FE2DD400E2AE87 /* SeSACWeek1617.app */ = {isa = PBXFileReference; explicitFileType = wrapper.application; includeInIndex = 0; path = SeSACWeek1617.app; sourceTree = BUILT_PRODUCTS_DIR; };
		77BE656928FE2DD400E2AE87 /* AppDelegate.swift */ = {isa = PBXFileReference; lastKnownFileType = sourcecode.swift; path = AppDelegate.swift; sourceTree = "<group>"; };
		77BE656B28FE2DD400E2AE87 /* SceneDelegate.swift */ = {isa = PBXFileReference; lastKnownFileType = sourcecode.swift; path = SceneDelegate.swift; sourceTree = "<group>"; };
		77BE656D28FE2DD400E2AE87 /* SimpleTableViewController.swift */ = {isa = PBXFileReference; lastKnownFileType = sourcecode.swift; path = SimpleTableViewController.swift; sourceTree = "<group>"; };
		77BE657028FE2DD400E2AE87 /* Base */ = {isa = PBXFileReference; lastKnownFileType = file.storyboard; name = Base; path = Base.lproj/Main.storyboard; sourceTree = "<group>"; };
		77BE657228FE2DD500E2AE87 /* Assets.xcassets */ = {isa = PBXFileReference; lastKnownFileType = folder.assetcatalog; path = Assets.xcassets; sourceTree = "<group>"; };
		77BE657528FE2DD500E2AE87 /* Base */ = {isa = PBXFileReference; lastKnownFileType = file.storyboard; name = Base; path = Base.lproj/LaunchScreen.storyboard; sourceTree = "<group>"; };
		77BE657728FE2DD500E2AE87 /* Info.plist */ = {isa = PBXFileReference; lastKnownFileType = text.plist.xml; path = Info.plist; sourceTree = "<group>"; };
		77BE657D28FE390700E2AE87 /* SimpleCollectionViewController.swift */ = {isa = PBXFileReference; lastKnownFileType = sourcecode.swift; path = SimpleCollectionViewController.swift; sourceTree = "<group>"; };
		77BE658128FF906600E2AE87 /* DiffableCollectionViewController.swift */ = {isa = PBXFileReference; lastKnownFileType = sourcecode.swift; path = DiffableCollectionViewController.swift; sourceTree = "<group>"; };
		77BE65A92900CF9E00E2AE87 /* CObservable.swift */ = {isa = PBXFileReference; lastKnownFileType = sourcecode.swift; path = CObservable.swift; sourceTree = "<group>"; };
		77BE65AB2900D13500E2AE87 /* NewsViewController.swift */ = {isa = PBXFileReference; lastKnownFileType = sourcecode.swift; path = NewsViewController.swift; sourceTree = "<group>"; };
		77BE65AD2900D24800E2AE87 /* NewsViewModel.swift */ = {isa = PBXFileReference; lastKnownFileType = sourcecode.swift; path = NewsViewModel.swift; sourceTree = "<group>"; };
		77BE65AF2900D77F00E2AE87 /* News.swift */ = {isa = PBXFileReference; lastKnownFileType = sourcecode.swift; path = News.swift; sourceTree = "<group>"; };
		77BE65B12900ED6C00E2AE87 /* DiffableViewModel.swift */ = {isa = PBXFileReference; lastKnownFileType = sourcecode.swift; path = DiffableViewModel.swift; sourceTree = "<group>"; };
		77BE65B32900EDF000E2AE87 /* APIService.swift */ = {isa = PBXFileReference; lastKnownFileType = sourcecode.swift; path = APIService.swift; sourceTree = "<group>"; };
		77BE65B52900EE3B00E2AE87 /* APIKey.swift */ = {isa = PBXFileReference; lastKnownFileType = sourcecode.swift; path = APIKey.swift; sourceTree = "<group>"; };
		77BE65B72900EF7800E2AE87 /* SearchPhoto.swift */ = {isa = PBXFileReference; lastKnownFileType = sourcecode.swift; path = SearchPhoto.swift; sourceTree = "<group>"; };
/* End PBXFileReference section */

/* Begin PBXFrameworksBuildPhase section */
		77BE656328FE2DD400E2AE87 /* Frameworks */ = {
			isa = PBXFrameworksBuildPhase;
			buildActionMask = 2147483647;
			files = (
				77B4A46529062327001466DD /* RxCocoa in Frameworks */,
				77BE65BE2900F12D00E2AE87 /* Kingfisher in Frameworks */,
				77B4A46729062327001466DD /* RxSwift in Frameworks */,
				77BE65BB2900F10B00E2AE87 /* Alamofire in Frameworks */,
			);
			runOnlyForDeploymentPostprocessing = 0;
		};
/* End PBXFrameworksBuildPhase section */

/* Begin PBXGroup section */
		779598B5290625A60056665D /* RxCocoaExample */ = {
			isa = PBXGroup;
			children = (
				779598B6290625C60056665D /* RxCocoaExampleViewController.swift */,
				7746547229077A330013CF6F /* SubjectViewController.swift */,
				77465474290788A10013CF6F /* SubjectViewModel.swift */,
			);
			path = RxCocoaExample;
			sourceTree = "<group>";
		};
		77BE655D28FE2DD400E2AE87 = {
			isa = PBXGroup;
			children = (
				77BE656828FE2DD400E2AE87 /* SeSACWeek1617 */,
				77BE656728FE2DD400E2AE87 /* Products */,
			);
			sourceTree = "<group>";
		};
		77BE656728FE2DD400E2AE87 /* Products */ = {
			isa = PBXGroup;
			children = (
				77BE656628FE2DD400E2AE87 /* SeSACWeek1617.app */,
			);
			name = Products;
			sourceTree = "<group>";
		};
		77BE656828FE2DD400E2AE87 /* SeSACWeek1617 */ = {
			isa = PBXGroup;
			children = (
				77BE656F28FE2DD400E2AE87 /* Main.storyboard */,
				77A8ED802908CBB600BAB14A /* SubscribeViewController.swift */,
				779598B5290625A60056665D /* RxCocoaExample */,
				77BE65A82900CCC200E2AE87 /* MVVMSample */,
				77BE656928FE2DD400E2AE87 /* AppDelegate.swift */,
				77BE656B28FE2DD400E2AE87 /* SceneDelegate.swift */,
				77BE656D28FE2DD400E2AE87 /* SimpleTableViewController.swift */,
				77BE657D28FE390700E2AE87 /* SimpleCollectionViewController.swift */,
				77BE65B12900ED6C00E2AE87 /* DiffableViewModel.swift */,
				77BE658128FF906600E2AE87 /* DiffableCollectionViewController.swift */,
				77BE657228FE2DD500E2AE87 /* Assets.xcassets */,
				77BE657428FE2DD500E2AE87 /* LaunchScreen.storyboard */,
				77BE657728FE2DD500E2AE87 /* Info.plist */,
				77BE65B32900EDF000E2AE87 /* APIService.swift */,
				77BE65B52900EE3B00E2AE87 /* APIKey.swift */,
				77BE65B72900EF7800E2AE87 /* SearchPhoto.swift */,
			);
			path = SeSACWeek1617;
			sourceTree = "<group>";
		};
		77BE65A82900CCC200E2AE87 /* MVVMSample */ = {
			isa = PBXGroup;
			children = (
				77BE65A92900CF9E00E2AE87 /* CObservable.swift */,
				77BE65AB2900D13500E2AE87 /* NewsViewController.swift */,
				77BE65AD2900D24800E2AE87 /* NewsViewModel.swift */,
				77BE65AF2900D77F00E2AE87 /* News.swift */,
			);
			path = MVVMSample;
			sourceTree = "<group>";
		};
/* End PBXGroup section */

/* Begin PBXNativeTarget section */
		77BE656528FE2DD400E2AE87 /* SeSACWeek1617 */ = {
			isa = PBXNativeTarget;
			buildConfigurationList = 77BE657A28FE2DD500E2AE87 /* Build configuration list for PBXNativeTarget "SeSACWeek1617" */;
			buildPhases = (
				77BE656228FE2DD400E2AE87 /* Sources */,
				77BE656328FE2DD400E2AE87 /* Frameworks */,
				77BE656428FE2DD400E2AE87 /* Resources */,
			);
			buildRules = (
			);
			dependencies = (
			);
			name = SeSACWeek1617;
			packageProductDependencies = (
				77BE65BA2900F10B00E2AE87 /* Alamofire */,
				77BE65BD2900F12D00E2AE87 /* Kingfisher */,
				77B4A46429062327001466DD /* RxCocoa */,
				77B4A46629062327001466DD /* RxSwift */,
			);
			productName = SeSACWeek1617;
			productReference = 77BE656628FE2DD400E2AE87 /* SeSACWeek1617.app */;
			productType = "com.apple.product-type.application";
		};
/* End PBXNativeTarget section */

/* Begin PBXProject section */
		77BE655E28FE2DD400E2AE87 /* Project object */ = {
			isa = PBXProject;
			attributes = {
				BuildIndependentTargetsInParallel = 1;
				LastSwiftUpdateCheck = 1400;
				LastUpgradeCheck = 1400;
				TargetAttributes = {
					77BE656528FE2DD400E2AE87 = {
						CreatedOnToolsVersion = 14.0.1;
					};
				};
			};
			buildConfigurationList = 77BE656128FE2DD400E2AE87 /* Build configuration list for PBXProject "SeSACWeek1617" */;
			compatibilityVersion = "Xcode 14.0";
			developmentRegion = en;
			hasScannedForEncodings = 0;
			knownRegions = (
				en,
				Base,
			);
			mainGroup = 77BE655D28FE2DD400E2AE87;
			packageReferences = (
				77BE65B92900F10B00E2AE87 /* XCRemoteSwiftPackageReference "Alamofire" */,
				77BE65BC2900F12D00E2AE87 /* XCRemoteSwiftPackageReference "Kingfisher" */,
				77B4A46329062327001466DD /* XCRemoteSwiftPackageReference "RxSwift" */,
			);
			productRefGroup = 77BE656728FE2DD400E2AE87 /* Products */;
			projectDirPath = "";
			projectRoot = "";
			targets = (
				77BE656528FE2DD400E2AE87 /* SeSACWeek1617 */,
			);
		};
/* End PBXProject section */

/* Begin PBXResourcesBuildPhase section */
		77BE656428FE2DD400E2AE87 /* Resources */ = {
			isa = PBXResourcesBuildPhase;
			buildActionMask = 2147483647;
			files = (
				77BE657628FE2DD500E2AE87 /* LaunchScreen.storyboard in Resources */,
				77BE657328FE2DD500E2AE87 /* Assets.xcassets in Resources */,
				77BE657128FE2DD400E2AE87 /* Main.storyboard in Resources */,
			);
			runOnlyForDeploymentPostprocessing = 0;
		};
/* End PBXResourcesBuildPhase section */

/* Begin PBXSourcesBuildPhase section */
		77BE656228FE2DD400E2AE87 /* Sources */ = {
			isa = PBXSourcesBuildPhase;
			buildActionMask = 2147483647;
			files = (
				77A8ED812908CBB600BAB14A /* SubscribeViewController.swift in Sources */,
				77BE65AA2900CF9E00E2AE87 /* CObservable.swift in Sources */,
				77BE658228FF906600E2AE87 /* DiffableCollectionViewController.swift in Sources */,
				77BE657E28FE390700E2AE87 /* SimpleCollectionViewController.swift in Sources */,
				77BE65B02900D77F00E2AE87 /* News.swift in Sources */,
				77BE65B42900EDF000E2AE87 /* APIService.swift in Sources */,
				77BE656E28FE2DD400E2AE87 /* SimpleTableViewController.swift in Sources */,
				77BE65AC2900D13500E2AE87 /* NewsViewController.swift in Sources */,
				7746547329077A330013CF6F /* SubjectViewController.swift in Sources */,
				77BE656A28FE2DD400E2AE87 /* AppDelegate.swift in Sources */,
				77BE65B82900EF7800E2AE87 /* SearchPhoto.swift in Sources */,
				77BE656C28FE2DD400E2AE87 /* SceneDelegate.swift in Sources */,
				77BE65AE2900D24800E2AE87 /* NewsViewModel.swift in Sources */,
				77BE65B62900EE3B00E2AE87 /* APIKey.swift in Sources */,
				77465475290788A10013CF6F /* SubjectViewModel.swift in Sources */,
				77BE65B22900ED6C00E2AE87 /* DiffableViewModel.swift in Sources */,
				779598B7290625C60056665D /* RxCocoaExampleViewController.swift in Sources */,
			);
			runOnlyForDeploymentPostprocessing = 0;
		};
/* End PBXSourcesBuildPhase section */

/* Begin PBXVariantGroup section */
		77BE656F28FE2DD400E2AE87 /* Main.storyboard */ = {
			isa = PBXVariantGroup;
			children = (
				77BE657028FE2DD400E2AE87 /* Base */,
			);
			name = Main.storyboard;
			sourceTree = "<group>";
		};
		77BE657428FE2DD500E2AE87 /* LaunchScreen.storyboard */ = {
			isa = PBXVariantGroup;
			children = (
				77BE657528FE2DD500E2AE87 /* Base */,
			);
			name = LaunchScreen.storyboard;
			sourceTree = "<group>";
		};
/* End PBXVariantGroup section */

/* Begin XCBuildConfiguration section */
		77BE657828FE2DD500E2AE87 /* Debug */ = {
			isa = XCBuildConfiguration;
			buildSettings = {
				ALWAYS_SEARCH_USER_PATHS = NO;
				CLANG_ANALYZER_NONNULL = YES;
				CLANG_ANALYZER_NUMBER_OBJECT_CONVERSION = YES_AGGRESSIVE;
				CLANG_CXX_LANGUAGE_STANDARD = "gnu++20";
				CLANG_ENABLE_MODULES = YES;
				CLANG_ENABLE_OBJC_ARC = YES;
				CLANG_ENABLE_OBJC_WEAK = YES;
				CLANG_WARN_BLOCK_CAPTURE_AUTORELEASING = YES;
				CLANG_WARN_BOOL_CONVERSION = YES;
				CLANG_WARN_COMMA = YES;
				CLANG_WARN_CONSTANT_CONVERSION = YES;
				CLANG_WARN_DEPRECATED_OBJC_IMPLEMENTATIONS = YES;
				CLANG_WARN_DIRECT_OBJC_ISA_USAGE = YES_ERROR;
				CLANG_WARN_DOCUMENTATION_COMMENTS = YES;
				CLANG_WARN_EMPTY_BODY = YES;
				CLANG_WARN_ENUM_CONVERSION = YES;
				CLANG_WARN_INFINITE_RECURSION = YES;
				CLANG_WARN_INT_CONVERSION = YES;
				CLANG_WARN_NON_LITERAL_NULL_CONVERSION = YES;
				CLANG_WARN_OBJC_IMPLICIT_RETAIN_SELF = YES;
				CLANG_WARN_OBJC_LITERAL_CONVERSION = YES;
				CLANG_WARN_OBJC_ROOT_CLASS = YES_ERROR;
				CLANG_WARN_QUOTED_INCLUDE_IN_FRAMEWORK_HEADER = YES;
				CLANG_WARN_RANGE_LOOP_ANALYSIS = YES;
				CLANG_WARN_STRICT_PROTOTYPES = YES;
				CLANG_WARN_SUSPICIOUS_MOVE = YES;
				CLANG_WARN_UNGUARDED_AVAILABILITY = YES_AGGRESSIVE;
				CLANG_WARN_UNREACHABLE_CODE = YES;
				CLANG_WARN__DUPLICATE_METHOD_MATCH = YES;
				COPY_PHASE_STRIP = NO;
				DEBUG_INFORMATION_FORMAT = dwarf;
				ENABLE_STRICT_OBJC_MSGSEND = YES;
				ENABLE_TESTABILITY = YES;
				GCC_C_LANGUAGE_STANDARD = gnu11;
				GCC_DYNAMIC_NO_PIC = NO;
				GCC_NO_COMMON_BLOCKS = YES;
				GCC_OPTIMIZATION_LEVEL = 0;
				GCC_PREPROCESSOR_DEFINITIONS = (
					"DEBUG=1",
					"$(inherited)",
				);
				GCC_WARN_64_TO_32_BIT_CONVERSION = YES;
				GCC_WARN_ABOUT_RETURN_TYPE = YES_ERROR;
				GCC_WARN_UNDECLARED_SELECTOR = YES;
				GCC_WARN_UNINITIALIZED_AUTOS = YES_AGGRESSIVE;
				GCC_WARN_UNUSED_FUNCTION = YES;
				GCC_WARN_UNUSED_VARIABLE = YES;
				IPHONEOS_DEPLOYMENT_TARGET = 16.0;
				MTL_ENABLE_DEBUG_INFO = INCLUDE_SOURCE;
				MTL_FAST_MATH = YES;
				ONLY_ACTIVE_ARCH = YES;
				SDKROOT = iphoneos;
				SWIFT_ACTIVE_COMPILATION_CONDITIONS = DEBUG;
				SWIFT_OPTIMIZATION_LEVEL = "-Onone";
			};
			name = Debug;
		};
		77BE657928FE2DD500E2AE87 /* Release */ = {
			isa = XCBuildConfiguration;
			buildSettings = {
				ALWAYS_SEARCH_USER_PATHS = NO;
				CLANG_ANALYZER_NONNULL = YES;
				CLANG_ANALYZER_NUMBER_OBJECT_CONVERSION = YES_AGGRESSIVE;
				CLANG_CXX_LANGUAGE_STANDARD = "gnu++20";
				CLANG_ENABLE_MODULES = YES;
				CLANG_ENABLE_OBJC_ARC = YES;
				CLANG_ENABLE_OBJC_WEAK = YES;
				CLANG_WARN_BLOCK_CAPTURE_AUTORELEASING = YES;
				CLANG_WARN_BOOL_CONVERSION = YES;
				CLANG_WARN_COMMA = YES;
				CLANG_WARN_CONSTANT_CONVERSION = YES;
				CLANG_WARN_DEPRECATED_OBJC_IMPLEMENTATIONS = YES;
				CLANG_WARN_DIRECT_OBJC_ISA_USAGE = YES_ERROR;
				CLANG_WARN_DOCUMENTATION_COMMENTS = YES;
				CLANG_WARN_EMPTY_BODY = YES;
				CLANG_WARN_ENUM_CONVERSION = YES;
				CLANG_WARN_INFINITE_RECURSION = YES;
				CLANG_WARN_INT_CONVERSION = YES;
				CLANG_WARN_NON_LITERAL_NULL_CONVERSION = YES;
				CLANG_WARN_OBJC_IMPLICIT_RETAIN_SELF = YES;
				CLANG_WARN_OBJC_LITERAL_CONVERSION = YES;
				CLANG_WARN_OBJC_ROOT_CLASS = YES_ERROR;
				CLANG_WARN_QUOTED_INCLUDE_IN_FRAMEWORK_HEADER = YES;
				CLANG_WARN_RANGE_LOOP_ANALYSIS = YES;
				CLANG_WARN_STRICT_PROTOTYPES = YES;
				CLANG_WARN_SUSPICIOUS_MOVE = YES;
				CLANG_WARN_UNGUARDED_AVAILABILITY = YES_AGGRESSIVE;
				CLANG_WARN_UNREACHABLE_CODE = YES;
				CLANG_WARN__DUPLICATE_METHOD_MATCH = YES;
				COPY_PHASE_STRIP = NO;
				DEBUG_INFORMATION_FORMAT = "dwarf-with-dsym";
				ENABLE_NS_ASSERTIONS = NO;
				ENABLE_STRICT_OBJC_MSGSEND = YES;
				GCC_C_LANGUAGE_STANDARD = gnu11;
				GCC_NO_COMMON_BLOCKS = YES;
				GCC_WARN_64_TO_32_BIT_CONVERSION = YES;
				GCC_WARN_ABOUT_RETURN_TYPE = YES_ERROR;
				GCC_WARN_UNDECLARED_SELECTOR = YES;
				GCC_WARN_UNINITIALIZED_AUTOS = YES_AGGRESSIVE;
				GCC_WARN_UNUSED_FUNCTION = YES;
				GCC_WARN_UNUSED_VARIABLE = YES;
				IPHONEOS_DEPLOYMENT_TARGET = 16.0;
				MTL_ENABLE_DEBUG_INFO = NO;
				MTL_FAST_MATH = YES;
				SDKROOT = iphoneos;
				SWIFT_COMPILATION_MODE = wholemodule;
				SWIFT_OPTIMIZATION_LEVEL = "-O";
				VALIDATE_PRODUCT = YES;
			};
			name = Release;
		};
		77BE657B28FE2DD500E2AE87 /* Debug */ = {
			isa = XCBuildConfiguration;
			buildSettings = {
				ASSETCATALOG_COMPILER_APPICON_NAME = AppIcon;
				ASSETCATALOG_COMPILER_GLOBAL_ACCENT_COLOR_NAME = AccentColor;
				CODE_SIGN_STYLE = Automatic;
				CURRENT_PROJECT_VERSION = 1;
				DEVELOPMENT_TEAM = 682X55S89X;
				GENERATE_INFOPLIST_FILE = YES;
				INFOPLIST_FILE = SeSACWeek1617/Info.plist;
				INFOPLIST_KEY_UIApplicationSupportsIndirectInputEvents = YES;
				INFOPLIST_KEY_UILaunchStoryboardName = LaunchScreen;
				INFOPLIST_KEY_UIMainStoryboardFile = Main;
				INFOPLIST_KEY_UISupportedInterfaceOrientations_iPad = "UIInterfaceOrientationPortrait UIInterfaceOrientationPortraitUpsideDown UIInterfaceOrientationLandscapeLeft UIInterfaceOrientationLandscapeRight";
				INFOPLIST_KEY_UISupportedInterfaceOrientations_iPhone = "UIInterfaceOrientationPortrait UIInterfaceOrientationLandscapeLeft UIInterfaceOrientationLandscapeRight";
				LD_RUNPATH_SEARCH_PATHS = (
					"$(inherited)",
					"@executable_path/Frameworks",
				);
				MARKETING_VERSION = 1.0;
				PRODUCT_BUNDLE_IDENTIFIER = com.MosonLee.SeSACWeek1617;
				PRODUCT_NAME = "$(TARGET_NAME)";
				SWIFT_EMIT_LOC_STRINGS = YES;
				SWIFT_VERSION = 5.0;
				TARGETED_DEVICE_FAMILY = "1,2";
			};
			name = Debug;
		};
		77BE657C28FE2DD500E2AE87 /* Release */ = {
			isa = XCBuildConfiguration;
			buildSettings = {
				ASSETCATALOG_COMPILER_APPICON_NAME = AppIcon;
				ASSETCATALOG_COMPILER_GLOBAL_ACCENT_COLOR_NAME = AccentColor;
				CODE_SIGN_STYLE = Automatic;
				CURRENT_PROJECT_VERSION = 1;
				DEVELOPMENT_TEAM = 682X55S89X;
				GENERATE_INFOPLIST_FILE = YES;
				INFOPLIST_FILE = SeSACWeek1617/Info.plist;
				INFOPLIST_KEY_UIApplicationSupportsIndirectInputEvents = YES;
				INFOPLIST_KEY_UILaunchStoryboardName = LaunchScreen;
				INFOPLIST_KEY_UIMainStoryboardFile = Main;
				INFOPLIST_KEY_UISupportedInterfaceOrientations_iPad = "UIInterfaceOrientationPortrait UIInterfaceOrientationPortraitUpsideDown UIInterfaceOrientationLandscapeLeft UIInterfaceOrientationLandscapeRight";
				INFOPLIST_KEY_UISupportedInterfaceOrientations_iPhone = "UIInterfaceOrientationPortrait UIInterfaceOrientationLandscapeLeft UIInterfaceOrientationLandscapeRight";
				LD_RUNPATH_SEARCH_PATHS = (
					"$(inherited)",
					"@executable_path/Frameworks",
				);
				MARKETING_VERSION = 1.0;
				PRODUCT_BUNDLE_IDENTIFIER = com.MosonLee.SeSACWeek1617;
				PRODUCT_NAME = "$(TARGET_NAME)";
				SWIFT_EMIT_LOC_STRINGS = YES;
				SWIFT_VERSION = 5.0;
				TARGETED_DEVICE_FAMILY = "1,2";
			};
			name = Release;
		};
/* End XCBuildConfiguration section */

/* Begin XCConfigurationList section */
		77BE656128FE2DD400E2AE87 /* Build configuration list for PBXProject "SeSACWeek1617" */ = {
			isa = XCConfigurationList;
			buildConfigurations = (
				77BE657828FE2DD500E2AE87 /* Debug */,
				77BE657928FE2DD500E2AE87 /* Release */,
			);
			defaultConfigurationIsVisible = 0;
			defaultConfigurationName = Release;
		};
		77BE657A28FE2DD500E2AE87 /* Build configuration list for PBXNativeTarget "SeSACWeek1617" */ = {
			isa = XCConfigurationList;
			buildConfigurations = (
				77BE657B28FE2DD500E2AE87 /* Debug */,
				77BE657C28FE2DD500E2AE87 /* Release */,
			);
			defaultConfigurationIsVisible = 0;
			defaultConfigurationName = Release;
		};
/* End XCConfigurationList section */

/* Begin XCRemoteSwiftPackageReference section */
		77B4A46329062327001466DD /* XCRemoteSwiftPackageReference "RxSwift" */ = {
			isa = XCRemoteSwiftPackageReference;
			repositoryURL = "https://github.com/ReactiveX/RxSwift.git";
			requirement = {
				kind = upToNextMajorVersion;
				minimumVersion = 6.0.0;
			};
		};
		77BE65B92900F10B00E2AE87 /* XCRemoteSwiftPackageReference "Alamofire" */ = {
			isa = XCRemoteSwiftPackageReference;
			repositoryURL = "https://github.com/Alamofire/Alamofire.git";
			requirement = {
				kind = upToNextMajorVersion;
				minimumVersion = 5.0.0;
			};
		};
		77BE65BC2900F12D00E2AE87 /* XCRemoteSwiftPackageReference "Kingfisher" */ = {
			isa = XCRemoteSwiftPackageReference;
			repositoryURL = "https://github.com/onevcat/Kingfisher.git";
			requirement = {
				branch = master;
				kind = branch;
			};
		};
/* End XCRemoteSwiftPackageReference section */

/* Begin XCSwiftPackageProductDependency section */
		77B4A46429062327001466DD /* RxCocoa */ = {
			isa = XCSwiftPackageProductDependency;
			package = 77B4A46329062327001466DD /* XCRemoteSwiftPackageReference "RxSwift" */;
			productName = RxCocoa;
		};
		77B4A46629062327001466DD /* RxSwift */ = {
			isa = XCSwiftPackageProductDependency;
			package = 77B4A46329062327001466DD /* XCRemoteSwiftPackageReference "RxSwift" */;
			productName = RxSwift;
		};
		77BE65BA2900F10B00E2AE87 /* Alamofire */ = {
			isa = XCSwiftPackageProductDependency;
			package = 77BE65B92900F10B00E2AE87 /* XCRemoteSwiftPackageReference "Alamofire" */;
			productName = Alamofire;
		};
		77BE65BD2900F12D00E2AE87 /* Kingfisher */ = {
			isa = XCSwiftPackageProductDependency;
			package = 77BE65BC2900F12D00E2AE87 /* XCRemoteSwiftPackageReference "Kingfisher" */;
			productName = Kingfisher;
		};
/* End XCSwiftPackageProductDependency section */
	};
	rootObject = 77BE655E28FE2DD400E2AE87 /* Project object */;
}
