// !$*UTF8*$!
{
	archiveVersion = 1;
	classes = {
	};
	objectVersion = 55;
	objects = {

/* Begin PBXBuildFile section */
		775306E32889B33600A3E708 /* BookInfoViewController.swift in Sources */ = {isa = PBXBuildFile; fileRef = 775306E22889B33600A3E708 /* BookInfoViewController.swift */; };
		776690A328898B1700B7C81C /* SearchBookViewController.swift in Sources */ = {isa = PBXBuildFile; fileRef = 776690A228898B1700B7C81C /* SearchBookViewController.swift */; };
		7790FC352887F4B200C87AAF /* AppDelegate.swift in Sources */ = {isa = PBXBuildFile; fileRef = 7790FC342887F4B200C87AAF /* AppDelegate.swift */; };
		7790FC372887F4B200C87AAF /* SceneDelegate.swift in Sources */ = {isa = PBXBuildFile; fileRef = 7790FC362887F4B200C87AAF /* SceneDelegate.swift */; };
		7790FC3E2887F4B300C87AAF /* Assets.xcassets in Resources */ = {isa = PBXBuildFile; fileRef = 7790FC3D2887F4B300C87AAF /* Assets.xcassets */; };
		7790FC412887F4B300C87AAF /* LaunchScreen.storyboard in Resources */ = {isa = PBXBuildFile; fileRef = 7790FC3F2887F4B300C87AAF /* LaunchScreen.storyboard */; };
		7790FC4A2887F4F300C87AAF /* Kingfisher in Frameworks */ = {isa = PBXBuildFile; productRef = 7790FC492887F4F300C87AAF /* Kingfisher */; };
		7790FC522888318F00C87AAF /* LibraryStoryboard.storyboard in Resources */ = {isa = PBXBuildFile; fileRef = 7790FC512888318F00C87AAF /* LibraryStoryboard.storyboard */; };
		7790FC542888321D00C87AAF /* LibraryCollectionViewController.swift in Sources */ = {isa = PBXBuildFile; fileRef = 7790FC532888321D00C87AAF /* LibraryCollectionViewController.swift */; };
		7790FC562888323800C87AAF /* BookInfo.swift in Sources */ = {isa = PBXBuildFile; fileRef = 7790FC552888323800C87AAF /* BookInfo.swift */; };
		7790FC58288832DD00C87AAF /* Book.swift in Sources */ = {isa = PBXBuildFile; fileRef = 7790FC57288832DD00C87AAF /* Book.swift */; };
		7790FC5A2888340C00C87AAF /* LibraryCollectionViewCell.swift in Sources */ = {isa = PBXBuildFile; fileRef = 7790FC592888340C00C87AAF /* LibraryCollectionViewCell.swift */; };
		7790FC5C288837FF00C87AAF /* BookImage.swift in Sources */ = {isa = PBXBuildFile; fileRef = 7790FC5B288837FF00C87AAF /* BookImage.swift */; };
		7790FC5F288845AE00C87AAF /* UICollectionView+Extension.swift in Sources */ = {isa = PBXBuildFile; fileRef = 7790FC5E288845AE00C87AAF /* UICollectionView+Extension.swift */; };
		7790FC6228884B7C00C87AAF /* Toast in Frameworks */ = {isa = PBXBuildFile; productRef = 7790FC6128884B7C00C87AAF /* Toast */; };
/* End PBXBuildFile section */

/* Begin PBXFileReference section */
		775306E22889B33600A3E708 /* BookInfoViewController.swift */ = {isa = PBXFileReference; lastKnownFileType = sourcecode.swift; path = BookInfoViewController.swift; sourceTree = "<group>"; };
		776690A228898B1700B7C81C /* SearchBookViewController.swift */ = {isa = PBXFileReference; lastKnownFileType = sourcecode.swift; path = SearchBookViewController.swift; sourceTree = "<group>"; };
		7790FC312887F4B200C87AAF /* LibraryBook.app */ = {isa = PBXFileReference; explicitFileType = wrapper.application; includeInIndex = 0; path = LibraryBook.app; sourceTree = BUILT_PRODUCTS_DIR; };
		7790FC342887F4B200C87AAF /* AppDelegate.swift */ = {isa = PBXFileReference; lastKnownFileType = sourcecode.swift; path = AppDelegate.swift; sourceTree = "<group>"; };
		7790FC362887F4B200C87AAF /* SceneDelegate.swift */ = {isa = PBXFileReference; lastKnownFileType = sourcecode.swift; path = SceneDelegate.swift; sourceTree = "<group>"; };
		7790FC3D2887F4B300C87AAF /* Assets.xcassets */ = {isa = PBXFileReference; lastKnownFileType = folder.assetcatalog; path = Assets.xcassets; sourceTree = "<group>"; };
		7790FC402887F4B300C87AAF /* Base */ = {isa = PBXFileReference; lastKnownFileType = file.storyboard; name = Base; path = Base.lproj/LaunchScreen.storyboard; sourceTree = "<group>"; };
		7790FC422887F4B300C87AAF /* Info.plist */ = {isa = PBXFileReference; lastKnownFileType = text.plist.xml; path = Info.plist; sourceTree = "<group>"; };
		7790FC512888318F00C87AAF /* LibraryStoryboard.storyboard */ = {isa = PBXFileReference; lastKnownFileType = file.storyboard; path = LibraryStoryboard.storyboard; sourceTree = "<group>"; };
		7790FC532888321D00C87AAF /* LibraryCollectionViewController.swift */ = {isa = PBXFileReference; lastKnownFileType = sourcecode.swift; path = LibraryCollectionViewController.swift; sourceTree = "<group>"; };
		7790FC552888323800C87AAF /* BookInfo.swift */ = {isa = PBXFileReference; fileEncoding = 4; lastKnownFileType = sourcecode.swift; path = BookInfo.swift; sourceTree = "<group>"; };
		7790FC57288832DD00C87AAF /* Book.swift */ = {isa = PBXFileReference; lastKnownFileType = sourcecode.swift; path = Book.swift; sourceTree = "<group>"; };
		7790FC592888340C00C87AAF /* LibraryCollectionViewCell.swift */ = {isa = PBXFileReference; lastKnownFileType = sourcecode.swift; path = LibraryCollectionViewCell.swift; sourceTree = "<group>"; };
		7790FC5B288837FF00C87AAF /* BookImage.swift */ = {isa = PBXFileReference; lastKnownFileType = sourcecode.swift; path = BookImage.swift; sourceTree = "<group>"; };
		7790FC5E288845AE00C87AAF /* UICollectionView+Extension.swift */ = {isa = PBXFileReference; lastKnownFileType = sourcecode.swift; path = "UICollectionView+Extension.swift"; sourceTree = "<group>"; };
/* End PBXFileReference section */

/* Begin PBXFrameworksBuildPhase section */
		7790FC2E2887F4B200C87AAF /* Frameworks */ = {
			isa = PBXFrameworksBuildPhase;
			buildActionMask = 2147483647;
			files = (
				7790FC6228884B7C00C87AAF /* Toast in Frameworks */,
				7790FC4A2887F4F300C87AAF /* Kingfisher in Frameworks */,
			);
			runOnlyForDeploymentPostprocessing = 0;
		};
/* End PBXFrameworksBuildPhase section */

/* Begin PBXGroup section */
		7790FC282887F4B200C87AAF = {
			isa = PBXGroup;
			children = (
				7790FC332887F4B200C87AAF /* LibraryBook */,
				7790FC322887F4B200C87AAF /* Products */,
			);
			sourceTree = "<group>";
		};
		7790FC322887F4B200C87AAF /* Products */ = {
			isa = PBXGroup;
			children = (
				7790FC312887F4B200C87AAF /* LibraryBook.app */,
			);
			name = Products;
			sourceTree = "<group>";
		};
		7790FC332887F4B200C87AAF /* LibraryBook */ = {
			isa = PBXGroup;
			children = (
				7790FC422887F4B300C87AAF /* Info.plist */,
				7790FC4B2887F51200C87AAF /* Application */,
				7790FC4E2887F54600C87AAF /* Storyboard */,
				7790FC4C2887F52400C87AAF /* ViewController */,
				7790FC4D2887F53F00C87AAF /* ViewCell */,
				7790FC4F2887F57900C87AAF /* Model */,
				7790FC5D2888458600C87AAF /* Extensions */,
				7790FC502887F59600C87AAF /* Assets */,
			);
			path = LibraryBook;
			sourceTree = "<group>";
		};
		7790FC4B2887F51200C87AAF /* Application */ = {
			isa = PBXGroup;
			children = (
				7790FC3F2887F4B300C87AAF /* LaunchScreen.storyboard */,
				7790FC342887F4B200C87AAF /* AppDelegate.swift */,
				7790FC362887F4B200C87AAF /* SceneDelegate.swift */,
			);
			path = Application;
			sourceTree = "<group>";
		};
		7790FC4C2887F52400C87AAF /* ViewController */ = {
			isa = PBXGroup;
			children = (
				7790FC532888321D00C87AAF /* LibraryCollectionViewController.swift */,
				776690A228898B1700B7C81C /* SearchBookViewController.swift */,
				775306E22889B33600A3E708 /* BookInfoViewController.swift */,
			);
			path = ViewController;
			sourceTree = "<group>";
		};
		7790FC4D2887F53F00C87AAF /* ViewCell */ = {
			isa = PBXGroup;
			children = (
				7790FC592888340C00C87AAF /* LibraryCollectionViewCell.swift */,
			);
			path = ViewCell;
			sourceTree = "<group>";
		};
		7790FC4E2887F54600C87AAF /* Storyboard */ = {
			isa = PBXGroup;
			children = (
				7790FC512888318F00C87AAF /* LibraryStoryboard.storyboard */,
			);
			path = Storyboard;
			sourceTree = "<group>";
		};
		7790FC4F2887F57900C87AAF /* Model */ = {
			isa = PBXGroup;
			children = (
				7790FC552888323800C87AAF /* BookInfo.swift */,
				7790FC57288832DD00C87AAF /* Book.swift */,
				7790FC5B288837FF00C87AAF /* BookImage.swift */,
			);
			path = Model;
			sourceTree = "<group>";
		};
		7790FC502887F59600C87AAF /* Assets */ = {
			isa = PBXGroup;
			children = (
				7790FC3D2887F4B300C87AAF /* Assets.xcassets */,
			);
			path = Assets;
			sourceTree = "<group>";
		};
		7790FC5D2888458600C87AAF /* Extensions */ = {
			isa = PBXGroup;
			children = (
				7790FC5E288845AE00C87AAF /* UICollectionView+Extension.swift */,
			);
			path = Extensions;
			sourceTree = "<group>";
		};
/* End PBXGroup section */

/* Begin PBXNativeTarget section */
		7790FC302887F4B200C87AAF /* LibraryBook */ = {
			isa = PBXNativeTarget;
			buildConfigurationList = 7790FC452887F4B300C87AAF /* Build configuration list for PBXNativeTarget "LibraryBook" */;
			buildPhases = (
				7790FC2D2887F4B200C87AAF /* Sources */,
				7790FC2E2887F4B200C87AAF /* Frameworks */,
				7790FC2F2887F4B200C87AAF /* Resources */,
			);
			buildRules = (
			);
			dependencies = (
			);
			name = LibraryBook;
			packageProductDependencies = (
				7790FC492887F4F300C87AAF /* Kingfisher */,
				7790FC6128884B7C00C87AAF /* Toast */,
			);
			productName = LibraryBook;
			productReference = 7790FC312887F4B200C87AAF /* LibraryBook.app */;
			productType = "com.apple.product-type.application";
		};
/* End PBXNativeTarget section */

/* Begin PBXProject section */
		7790FC292887F4B200C87AAF /* Project object */ = {
			isa = PBXProject;
			attributes = {
				BuildIndependentTargetsInParallel = 1;
				LastSwiftUpdateCheck = 1340;
				LastUpgradeCheck = 1340;
				TargetAttributes = {
					7790FC302887F4B200C87AAF = {
						CreatedOnToolsVersion = 13.4.1;
					};
				};
			};
			buildConfigurationList = 7790FC2C2887F4B200C87AAF /* Build configuration list for PBXProject "LibraryBook" */;
			compatibilityVersion = "Xcode 13.0";
			developmentRegion = en;
			hasScannedForEncodings = 0;
			knownRegions = (
				en,
				Base,
			);
			mainGroup = 7790FC282887F4B200C87AAF;
			packageReferences = (
				7790FC482887F4F300C87AAF /* XCRemoteSwiftPackageReference "Kingfisher" */,
				7790FC6028884B7C00C87AAF /* XCRemoteSwiftPackageReference "Toast-Swift" */,
			);
			productRefGroup = 7790FC322887F4B200C87AAF /* Products */;
			projectDirPath = "";
			projectRoot = "";
			targets = (
				7790FC302887F4B200C87AAF /* LibraryBook */,
			);
		};
/* End PBXProject section */

/* Begin PBXResourcesBuildPhase section */
		7790FC2F2887F4B200C87AAF /* Resources */ = {
			isa = PBXResourcesBuildPhase;
			buildActionMask = 2147483647;
			files = (
				7790FC412887F4B300C87AAF /* LaunchScreen.storyboard in Resources */,
				7790FC3E2887F4B300C87AAF /* Assets.xcassets in Resources */,
				7790FC522888318F00C87AAF /* LibraryStoryboard.storyboard in Resources */,
			);
			runOnlyForDeploymentPostprocessing = 0;
		};
/* End PBXResourcesBuildPhase section */

/* Begin PBXSourcesBuildPhase section */
		7790FC2D2887F4B200C87AAF /* Sources */ = {
			isa = PBXSourcesBuildPhase;
			buildActionMask = 2147483647;
			files = (
				7790FC5F288845AE00C87AAF /* UICollectionView+Extension.swift in Sources */,
				775306E32889B33600A3E708 /* BookInfoViewController.swift in Sources */,
				7790FC5C288837FF00C87AAF /* BookImage.swift in Sources */,
				7790FC542888321D00C87AAF /* LibraryCollectionViewController.swift in Sources */,
				7790FC5A2888340C00C87AAF /* LibraryCollectionViewCell.swift in Sources */,
				7790FC562888323800C87AAF /* BookInfo.swift in Sources */,
				7790FC58288832DD00C87AAF /* Book.swift in Sources */,
				776690A328898B1700B7C81C /* SearchBookViewController.swift in Sources */,
				7790FC352887F4B200C87AAF /* AppDelegate.swift in Sources */,
				7790FC372887F4B200C87AAF /* SceneDelegate.swift in Sources */,
			);
			runOnlyForDeploymentPostprocessing = 0;
		};
/* End PBXSourcesBuildPhase section */

/* Begin PBXVariantGroup section */
		7790FC3F2887F4B300C87AAF /* LaunchScreen.storyboard */ = {
			isa = PBXVariantGroup;
			children = (
				7790FC402887F4B300C87AAF /* Base */,
			);
			name = LaunchScreen.storyboard;
			sourceTree = "<group>";
		};
/* End PBXVariantGroup section */

/* Begin XCBuildConfiguration section */
		7790FC432887F4B300C87AAF /* Debug */ = {
			isa = XCBuildConfiguration;
			buildSettings = {
				ALWAYS_SEARCH_USER_PATHS = NO;
				CLANG_ANALYZER_NONNULL = YES;
				CLANG_ANALYZER_NUMBER_OBJECT_CONVERSION = YES_AGGRESSIVE;
				CLANG_CXX_LANGUAGE_STANDARD = "gnu++17";
				CLANG_ENABLE_MODULES = YES;
				CLANG_ENABLE_OBJC_ARC = YES;
				CLANG_ENABLE_OBJC_WEAK = YES;
				CLANG_WARN_BLOCK_CAPTURE_AUTORELEASING = YES;
				CLANG_WARN_BOOL_CONVERSION = YES;
				CLANG_WARN_COMMA = YES;
				CLANG_WARN_CONSTANT_CONVERSION = YES;
				CLANG_WARN_DEPRECATED_OBJC_IMPLEMENTATIONS = YES;
				CLANG_WARN_DIRECT_OBJC_ISA_USAGE = YES_ERROR;
				CLANG_WARN_DOCUMENTATION_COMMENTS = YES;
				CLANG_WARN_EMPTY_BODY = YES;
				CLANG_WARN_ENUM_CONVERSION = YES;
				CLANG_WARN_INFINITE_RECURSION = YES;
				CLANG_WARN_INT_CONVERSION = YES;
				CLANG_WARN_NON_LITERAL_NULL_CONVERSION = YES;
				CLANG_WARN_OBJC_IMPLICIT_RETAIN_SELF = YES;
				CLANG_WARN_OBJC_LITERAL_CONVERSION = YES;
				CLANG_WARN_OBJC_ROOT_CLASS = YES_ERROR;
				CLANG_WARN_QUOTED_INCLUDE_IN_FRAMEWORK_HEADER = YES;
				CLANG_WARN_RANGE_LOOP_ANALYSIS = YES;
				CLANG_WARN_STRICT_PROTOTYPES = YES;
				CLANG_WARN_SUSPICIOUS_MOVE = YES;
				CLANG_WARN_UNGUARDED_AVAILABILITY = YES_AGGRESSIVE;
				CLANG_WARN_UNREACHABLE_CODE = YES;
				CLANG_WARN__DUPLICATE_METHOD_MATCH = YES;
				COPY_PHASE_STRIP = NO;
				DEBUG_INFORMATION_FORMAT = dwarf;
				ENABLE_STRICT_OBJC_MSGSEND = YES;
				ENABLE_TESTABILITY = YES;
				GCC_C_LANGUAGE_STANDARD = gnu11;
				GCC_DYNAMIC_NO_PIC = NO;
				GCC_NO_COMMON_BLOCKS = YES;
				GCC_OPTIMIZATION_LEVEL = 0;
				GCC_PREPROCESSOR_DEFINITIONS = (
					"DEBUG=1",
					"$(inherited)",
				);
				GCC_WARN_64_TO_32_BIT_CONVERSION = YES;
				GCC_WARN_ABOUT_RETURN_TYPE = YES_ERROR;
				GCC_WARN_UNDECLARED_SELECTOR = YES;
				GCC_WARN_UNINITIALIZED_AUTOS = YES_AGGRESSIVE;
				GCC_WARN_UNUSED_FUNCTION = YES;
				GCC_WARN_UNUSED_VARIABLE = YES;
				IPHONEOS_DEPLOYMENT_TARGET = 15.5;
				MTL_ENABLE_DEBUG_INFO = INCLUDE_SOURCE;
				MTL_FAST_MATH = YES;
				ONLY_ACTIVE_ARCH = YES;
				SDKROOT = iphoneos;
				SWIFT_ACTIVE_COMPILATION_CONDITIONS = DEBUG;
				SWIFT_OPTIMIZATION_LEVEL = "-Onone";
			};
			name = Debug;
		};
		7790FC442887F4B300C87AAF /* Release */ = {
			isa = XCBuildConfiguration;
			buildSettings = {
				ALWAYS_SEARCH_USER_PATHS = NO;
				CLANG_ANALYZER_NONNULL = YES;
				CLANG_ANALYZER_NUMBER_OBJECT_CONVERSION = YES_AGGRESSIVE;
				CLANG_CXX_LANGUAGE_STANDARD = "gnu++17";
				CLANG_ENABLE_MODULES = YES;
				CLANG_ENABLE_OBJC_ARC = YES;
				CLANG_ENABLE_OBJC_WEAK = YES;
				CLANG_WARN_BLOCK_CAPTURE_AUTORELEASING = YES;
				CLANG_WARN_BOOL_CONVERSION = YES;
				CLANG_WARN_COMMA = YES;
				CLANG_WARN_CONSTANT_CONVERSION = YES;
				CLANG_WARN_DEPRECATED_OBJC_IMPLEMENTATIONS = YES;
				CLANG_WARN_DIRECT_OBJC_ISA_USAGE = YES_ERROR;
				CLANG_WARN_DOCUMENTATION_COMMENTS = YES;
				CLANG_WARN_EMPTY_BODY = YES;
				CLANG_WARN_ENUM_CONVERSION = YES;
				CLANG_WARN_INFINITE_RECURSION = YES;
				CLANG_WARN_INT_CONVERSION = YES;
				CLANG_WARN_NON_LITERAL_NULL_CONVERSION = YES;
				CLANG_WARN_OBJC_IMPLICIT_RETAIN_SELF = YES;
				CLANG_WARN_OBJC_LITERAL_CONVERSION = YES;
				CLANG_WARN_OBJC_ROOT_CLASS = YES_ERROR;
				CLANG_WARN_QUOTED_INCLUDE_IN_FRAMEWORK_HEADER = YES;
				CLANG_WARN_RANGE_LOOP_ANALYSIS = YES;
				CLANG_WARN_STRICT_PROTOTYPES = YES;
				CLANG_WARN_SUSPICIOUS_MOVE = YES;
				CLANG_WARN_UNGUARDED_AVAILABILITY = YES_AGGRESSIVE;
				CLANG_WARN_UNREACHABLE_CODE = YES;
				CLANG_WARN__DUPLICATE_METHOD_MATCH = YES;
				COPY_PHASE_STRIP = NO;
				DEBUG_INFORMATION_FORMAT = "dwarf-with-dsym";
				ENABLE_NS_ASSERTIONS = NO;
				ENABLE_STRICT_OBJC_MSGSEND = YES;
				GCC_C_LANGUAGE_STANDARD = gnu11;
				GCC_NO_COMMON_BLOCKS = YES;
				GCC_WARN_64_TO_32_BIT_CONVERSION = YES;
				GCC_WARN_ABOUT_RETURN_TYPE = YES_ERROR;
				GCC_WARN_UNDECLARED_SELECTOR = YES;
				GCC_WARN_UNINITIALIZED_AUTOS = YES_AGGRESSIVE;
				GCC_WARN_UNUSED_FUNCTION = YES;
				GCC_WARN_UNUSED_VARIABLE = YES;
				IPHONEOS_DEPLOYMENT_TARGET = 15.5;
				MTL_ENABLE_DEBUG_INFO = NO;
				MTL_FAST_MATH = YES;
				SDKROOT = iphoneos;
				SWIFT_COMPILATION_MODE = wholemodule;
				SWIFT_OPTIMIZATION_LEVEL = "-O";
				VALIDATE_PRODUCT = YES;
			};
			name = Release;
		};
		7790FC462887F4B300C87AAF /* Debug */ = {
			isa = XCBuildConfiguration;
			buildSettings = {
				ASSETCATALOG_COMPILER_APPICON_NAME = AppIcon;
				ASSETCATALOG_COMPILER_GLOBAL_ACCENT_COLOR_NAME = AccentColor;
				CODE_SIGN_STYLE = Automatic;
				CURRENT_PROJECT_VERSION = 1;
				DEVELOPMENT_TEAM = 5286U5DLX4;
				GENERATE_INFOPLIST_FILE = YES;
				INFOPLIST_FILE = LibraryBook/Info.plist;
				INFOPLIST_KEY_UIApplicationSupportsIndirectInputEvents = YES;
				INFOPLIST_KEY_UILaunchStoryboardName = LaunchScreen;
				INFOPLIST_KEY_UIMainStoryboardFile = LibraryStoryboard;
				INFOPLIST_KEY_UISupportedInterfaceOrientations_iPad = "UIInterfaceOrientationPortrait UIInterfaceOrientationPortraitUpsideDown UIInterfaceOrientationLandscapeLeft UIInterfaceOrientationLandscapeRight";
				INFOPLIST_KEY_UISupportedInterfaceOrientations_iPhone = "UIInterfaceOrientationPortrait UIInterfaceOrientationLandscapeLeft UIInterfaceOrientationLandscapeRight";
				LD_RUNPATH_SEARCH_PATHS = (
					"$(inherited)",
					"@executable_path/Frameworks",
				);
				MARKETING_VERSION = 1.0;
				PRODUCT_BUNDLE_IDENTIFIER = com.MosonLee.LibraryBook;
				PRODUCT_NAME = "$(TARGET_NAME)";
				SWIFT_EMIT_LOC_STRINGS = YES;
				SWIFT_VERSION = 5.0;
				TARGETED_DEVICE_FAMILY = "1,2";
			};
			name = Debug;
		};
		7790FC472887F4B300C87AAF /* Release */ = {
			isa = XCBuildConfiguration;
			buildSettings = {
				ASSETCATALOG_COMPILER_APPICON_NAME = AppIcon;
				ASSETCATALOG_COMPILER_GLOBAL_ACCENT_COLOR_NAME = AccentColor;
				CODE_SIGN_STYLE = Automatic;
				CURRENT_PROJECT_VERSION = 1;
				DEVELOPMENT_TEAM = 5286U5DLX4;
				GENERATE_INFOPLIST_FILE = YES;
				INFOPLIST_FILE = LibraryBook/Info.plist;
				INFOPLIST_KEY_UIApplicationSupportsIndirectInputEvents = YES;
				INFOPLIST_KEY_UILaunchStoryboardName = LaunchScreen;
				INFOPLIST_KEY_UIMainStoryboardFile = LibraryStoryboard;
				INFOPLIST_KEY_UISupportedInterfaceOrientations_iPad = "UIInterfaceOrientationPortrait UIInterfaceOrientationPortraitUpsideDown UIInterfaceOrientationLandscapeLeft UIInterfaceOrientationLandscapeRight";
				INFOPLIST_KEY_UISupportedInterfaceOrientations_iPhone = "UIInterfaceOrientationPortrait UIInterfaceOrientationLandscapeLeft UIInterfaceOrientationLandscapeRight";
				LD_RUNPATH_SEARCH_PATHS = (
					"$(inherited)",
					"@executable_path/Frameworks",
				);
				MARKETING_VERSION = 1.0;
				PRODUCT_BUNDLE_IDENTIFIER = com.MosonLee.LibraryBook;
				PRODUCT_NAME = "$(TARGET_NAME)";
				SWIFT_EMIT_LOC_STRINGS = YES;
				SWIFT_VERSION = 5.0;
				TARGETED_DEVICE_FAMILY = "1,2";
			};
			name = Release;
		};
/* End XCBuildConfiguration section */

/* Begin XCConfigurationList section */
		7790FC2C2887F4B200C87AAF /* Build configuration list for PBXProject "LibraryBook" */ = {
			isa = XCConfigurationList;
			buildConfigurations = (
				7790FC432887F4B300C87AAF /* Debug */,
				7790FC442887F4B300C87AAF /* Release */,
			);
			defaultConfigurationIsVisible = 0;
			defaultConfigurationName = Release;
		};
		7790FC452887F4B300C87AAF /* Build configuration list for PBXNativeTarget "LibraryBook" */ = {
			isa = XCConfigurationList;
			buildConfigurations = (
				7790FC462887F4B300C87AAF /* Debug */,
				7790FC472887F4B300C87AAF /* Release */,
			);
			defaultConfigurationIsVisible = 0;
			defaultConfigurationName = Release;
		};
/* End XCConfigurationList section */

/* Begin XCRemoteSwiftPackageReference section */
		7790FC482887F4F300C87AAF /* XCRemoteSwiftPackageReference "Kingfisher" */ = {
			isa = XCRemoteSwiftPackageReference;
			repositoryURL = "https://github.com/onevcat/Kingfisher.git";
			requirement = {
				branch = master;
				kind = branch;
			};
		};
		7790FC6028884B7C00C87AAF /* XCRemoteSwiftPackageReference "Toast-Swift" */ = {
			isa = XCRemoteSwiftPackageReference;
			repositoryURL = "https://github.com/scalessec/Toast-Swift.git";
			requirement = {
				kind = upToNextMajorVersion;
				minimumVersion = 5.0.0;
			};
		};
/* End XCRemoteSwiftPackageReference section */

/* Begin XCSwiftPackageProductDependency section */
		7790FC492887F4F300C87AAF /* Kingfisher */ = {
			isa = XCSwiftPackageProductDependency;
			package = 7790FC482887F4F300C87AAF /* XCRemoteSwiftPackageReference "Kingfisher" */;
			productName = Kingfisher;
		};
		7790FC6128884B7C00C87AAF /* Toast */ = {
			isa = XCSwiftPackageProductDependency;
			package = 7790FC6028884B7C00C87AAF /* XCRemoteSwiftPackageReference "Toast-Swift" */;
			productName = Toast;
		};
/* End XCSwiftPackageProductDependency section */
	};
	rootObject = 7790FC292887F4B200C87AAF /* Project object */;
}
