// !$*UTF8*$!
{
	archiveVersion = 1;
	classes = {
	};
	objectVersion = 55;
	objects = {

/* Begin PBXBuildFile section */
		771DF9A528B35F3600C182AC /* AppDelegate.swift in Sources */ = {isa = PBXBuildFile; fileRef = 771DF9A428B35F3600C182AC /* AppDelegate.swift */; };
		771DF9A728B35F3600C182AC /* SceneDelegate.swift in Sources */ = {isa = PBXBuildFile; fileRef = 771DF9A628B35F3600C182AC /* SceneDelegate.swift */; };
		771DF9A928B35F3600C182AC /* HomeViewController.swift in Sources */ = {isa = PBXBuildFile; fileRef = 771DF9A828B35F3600C182AC /* HomeViewController.swift */; };
		771DF9AE28B35F3700C182AC /* Assets.xcassets in Resources */ = {isa = PBXBuildFile; fileRef = 771DF9AD28B35F3700C182AC /* Assets.xcassets */; };
		771DF9B128B35F3700C182AC /* LaunchScreen.storyboard in Resources */ = {isa = PBXBuildFile; fileRef = 771DF9AF28B35F3700C182AC /* LaunchScreen.storyboard */; };
		771DF9BE28B35FF900C182AC /* HomeViewModel.swift in Sources */ = {isa = PBXBuildFile; fileRef = 771DF9BD28B35FF900C182AC /* HomeViewModel.swift */; };
		771DF9C628B3607B00C182AC /* RxCocoa in Frameworks */ = {isa = PBXBuildFile; productRef = 771DF9C528B3607B00C182AC /* RxCocoa */; };
		771DF9C828B3607B00C182AC /* RxRelay in Frameworks */ = {isa = PBXBuildFile; productRef = 771DF9C728B3607B00C182AC /* RxRelay */; };
		771DF9CA28B3607B00C182AC /* RxSwift in Frameworks */ = {isa = PBXBuildFile; productRef = 771DF9C928B3607B00C182AC /* RxSwift */; };
		771DF9CD28B3608C00C182AC /* Toast in Frameworks */ = {isa = PBXBuildFile; productRef = 771DF9CC28B3608C00C182AC /* Toast */; };
		771DF9CF28B361DC00C182AC /* HomeTableViewCell.swift in Sources */ = {isa = PBXBuildFile; fileRef = 771DF9CE28B361DC00C182AC /* HomeTableViewCell.swift */; };
		771DF9D128B36C1800C182AC /* TableModel.swift in Sources */ = {isa = PBXBuildFile; fileRef = 771DF9D028B36C1800C182AC /* TableModel.swift */; };
/* End PBXBuildFile section */

/* Begin PBXFileReference section */
		771DF9A128B35F3600C182AC /* SesacRealm.app */ = {isa = PBXFileReference; explicitFileType = wrapper.application; includeInIndex = 0; path = SesacRealm.app; sourceTree = BUILT_PRODUCTS_DIR; };
		771DF9A428B35F3600C182AC /* AppDelegate.swift */ = {isa = PBXFileReference; lastKnownFileType = sourcecode.swift; path = AppDelegate.swift; sourceTree = "<group>"; };
		771DF9A628B35F3600C182AC /* SceneDelegate.swift */ = {isa = PBXFileReference; lastKnownFileType = sourcecode.swift; path = SceneDelegate.swift; sourceTree = "<group>"; };
		771DF9A828B35F3600C182AC /* HomeViewController.swift */ = {isa = PBXFileReference; lastKnownFileType = sourcecode.swift; path = HomeViewController.swift; sourceTree = "<group>"; };
		771DF9AD28B35F3700C182AC /* Assets.xcassets */ = {isa = PBXFileReference; lastKnownFileType = folder.assetcatalog; path = Assets.xcassets; sourceTree = "<group>"; };
		771DF9B028B35F3700C182AC /* Base */ = {isa = PBXFileReference; lastKnownFileType = file.storyboard; name = Base; path = Base.lproj/LaunchScreen.storyboard; sourceTree = "<group>"; };
		771DF9B228B35F3700C182AC /* Info.plist */ = {isa = PBXFileReference; lastKnownFileType = text.plist.xml; path = Info.plist; sourceTree = "<group>"; };
		771DF9BD28B35FF900C182AC /* HomeViewModel.swift */ = {isa = PBXFileReference; lastKnownFileType = sourcecode.swift; path = HomeViewModel.swift; sourceTree = "<group>"; };
		771DF9CE28B361DC00C182AC /* HomeTableViewCell.swift */ = {isa = PBXFileReference; lastKnownFileType = sourcecode.swift; path = HomeTableViewCell.swift; sourceTree = "<group>"; };
		771DF9D028B36C1800C182AC /* TableModel.swift */ = {isa = PBXFileReference; lastKnownFileType = sourcecode.swift; path = TableModel.swift; sourceTree = "<group>"; };
/* End PBXFileReference section */

/* Begin PBXFrameworksBuildPhase section */
		771DF99E28B35F3600C182AC /* Frameworks */ = {
			isa = PBXFrameworksBuildPhase;
			buildActionMask = 2147483647;
			files = (
				771DF9CD28B3608C00C182AC /* Toast in Frameworks */,
				771DF9C628B3607B00C182AC /* RxCocoa in Frameworks */,
				771DF9CA28B3607B00C182AC /* RxSwift in Frameworks */,
				771DF9C828B3607B00C182AC /* RxRelay in Frameworks */,
			);
			runOnlyForDeploymentPostprocessing = 0;
		};
/* End PBXFrameworksBuildPhase section */

/* Begin PBXGroup section */
		771DF99828B35F3600C182AC = {
			isa = PBXGroup;
			children = (
				771DF9A328B35F3600C182AC /* SesacRealm */,
				771DF9A228B35F3600C182AC /* Products */,
			);
			sourceTree = "<group>";
		};
		771DF9A228B35F3600C182AC /* Products */ = {
			isa = PBXGroup;
			children = (
				771DF9A128B35F3600C182AC /* SesacRealm.app */,
			);
			name = Products;
			sourceTree = "<group>";
		};
		771DF9A328B35F3600C182AC /* SesacRealm */ = {
			isa = PBXGroup;
			children = (
				771DF9B228B35F3700C182AC /* Info.plist */,
				771DF9BC28B35F6300C182AC /* Application */,
				771DF9BA28B35F5800C182AC /* Model */,
				771DF9B828B35F3E00C182AC /* View */,
				771DF9B928B35F4F00C182AC /* ViewModel */,
				771DF9BB28B35F5E00C182AC /* Assets */,
			);
			path = SesacRealm;
			sourceTree = "<group>";
		};
		771DF9B828B35F3E00C182AC /* View */ = {
			isa = PBXGroup;
			children = (
				771DF9A828B35F3600C182AC /* HomeViewController.swift */,
				771DF9CE28B361DC00C182AC /* HomeTableViewCell.swift */,
			);
			path = View;
			sourceTree = "<group>";
		};
		771DF9B928B35F4F00C182AC /* ViewModel */ = {
			isa = PBXGroup;
			children = (
				771DF9BD28B35FF900C182AC /* HomeViewModel.swift */,
			);
			path = ViewModel;
			sourceTree = "<group>";
		};
		771DF9BA28B35F5800C182AC /* Model */ = {
			isa = PBXGroup;
			children = (
				771DF9D028B36C1800C182AC /* TableModel.swift */,
			);
			path = Model;
			sourceTree = "<group>";
		};
		771DF9BB28B35F5E00C182AC /* Assets */ = {
			isa = PBXGroup;
			children = (
				771DF9AD28B35F3700C182AC /* Assets.xcassets */,
			);
			path = Assets;
			sourceTree = "<group>";
		};
		771DF9BC28B35F6300C182AC /* Application */ = {
			isa = PBXGroup;
			children = (
				771DF9A428B35F3600C182AC /* AppDelegate.swift */,
				771DF9A628B35F3600C182AC /* SceneDelegate.swift */,
				771DF9AF28B35F3700C182AC /* LaunchScreen.storyboard */,
			);
			path = Application;
			sourceTree = "<group>";
		};
/* End PBXGroup section */

/* Begin PBXNativeTarget section */
		771DF9A028B35F3600C182AC /* SesacRealm */ = {
			isa = PBXNativeTarget;
			buildConfigurationList = 771DF9B528B35F3700C182AC /* Build configuration list for PBXNativeTarget "SesacRealm" */;
			buildPhases = (
				771DF99D28B35F3600C182AC /* Sources */,
				771DF99E28B35F3600C182AC /* Frameworks */,
				771DF99F28B35F3600C182AC /* Resources */,
			);
			buildRules = (
			);
			dependencies = (
			);
			name = SesacRealm;
			packageProductDependencies = (
				771DF9C528B3607B00C182AC /* RxCocoa */,
				771DF9C728B3607B00C182AC /* RxRelay */,
				771DF9C928B3607B00C182AC /* RxSwift */,
				771DF9CC28B3608C00C182AC /* Toast */,
			);
			productName = SesacRealm;
			productReference = 771DF9A128B35F3600C182AC /* SesacRealm.app */;
			productType = "com.apple.product-type.application";
		};
/* End PBXNativeTarget section */

/* Begin PBXProject section */
		771DF99928B35F3600C182AC /* Project object */ = {
			isa = PBXProject;
			attributes = {
				BuildIndependentTargetsInParallel = 1;
				LastSwiftUpdateCheck = 1340;
				LastUpgradeCheck = 1340;
				TargetAttributes = {
					771DF9A028B35F3600C182AC = {
						CreatedOnToolsVersion = 13.4.1;
					};
				};
			};
			buildConfigurationList = 771DF99C28B35F3600C182AC /* Build configuration list for PBXProject "SesacRealm" */;
			compatibilityVersion = "Xcode 13.0";
			developmentRegion = en;
			hasScannedForEncodings = 0;
			knownRegions = (
				en,
				Base,
			);
			mainGroup = 771DF99828B35F3600C182AC;
			packageReferences = (
				771DF9C428B3607B00C182AC /* XCRemoteSwiftPackageReference "RxSwift" */,
				771DF9CB28B3608C00C182AC /* XCRemoteSwiftPackageReference "Toast-Swift" */,
			);
			productRefGroup = 771DF9A228B35F3600C182AC /* Products */;
			projectDirPath = "";
			projectRoot = "";
			targets = (
				771DF9A028B35F3600C182AC /* SesacRealm */,
			);
		};
/* End PBXProject section */

/* Begin PBXResourcesBuildPhase section */
		771DF99F28B35F3600C182AC /* Resources */ = {
			isa = PBXResourcesBuildPhase;
			buildActionMask = 2147483647;
			files = (
				771DF9B128B35F3700C182AC /* LaunchScreen.storyboard in Resources */,
				771DF9AE28B35F3700C182AC /* Assets.xcassets in Resources */,
			);
			runOnlyForDeploymentPostprocessing = 0;
		};
/* End PBXResourcesBuildPhase section */

/* Begin PBXSourcesBuildPhase section */
		771DF99D28B35F3600C182AC /* Sources */ = {
			isa = PBXSourcesBuildPhase;
			buildActionMask = 2147483647;
			files = (
				771DF9A928B35F3600C182AC /* HomeViewController.swift in Sources */,
				771DF9CF28B361DC00C182AC /* HomeTableViewCell.swift in Sources */,
				771DF9D128B36C1800C182AC /* TableModel.swift in Sources */,
				771DF9A528B35F3600C182AC /* AppDelegate.swift in Sources */,
				771DF9A728B35F3600C182AC /* SceneDelegate.swift in Sources */,
				771DF9BE28B35FF900C182AC /* HomeViewModel.swift in Sources */,
			);
			runOnlyForDeploymentPostprocessing = 0;
		};
/* End PBXSourcesBuildPhase section */

/* Begin PBXVariantGroup section */
		771DF9AF28B35F3700C182AC /* LaunchScreen.storyboard */ = {
			isa = PBXVariantGroup;
			children = (
				771DF9B028B35F3700C182AC /* Base */,
			);
			name = LaunchScreen.storyboard;
			sourceTree = "<group>";
		};
/* End PBXVariantGroup section */

/* Begin XCBuildConfiguration section */
		771DF9B328B35F3700C182AC /* Debug */ = {
			isa = XCBuildConfiguration;
			buildSettings = {
				ALWAYS_SEARCH_USER_PATHS = NO;
				CLANG_ANALYZER_NONNULL = YES;
				CLANG_ANALYZER_NUMBER_OBJECT_CONVERSION = YES_AGGRESSIVE;
				CLANG_CXX_LANGUAGE_STANDARD = "gnu++17";
				CLANG_ENABLE_MODULES = YES;
				CLANG_ENABLE_OBJC_ARC = YES;
				CLANG_ENABLE_OBJC_WEAK = YES;
				CLANG_WARN_BLOCK_CAPTURE_AUTORELEASING = YES;
				CLANG_WARN_BOOL_CONVERSION = YES;
				CLANG_WARN_COMMA = YES;
				CLANG_WARN_CONSTANT_CONVERSION = YES;
				CLANG_WARN_DEPRECATED_OBJC_IMPLEMENTATIONS = YES;
				CLANG_WARN_DIRECT_OBJC_ISA_USAGE = YES_ERROR;
				CLANG_WARN_DOCUMENTATION_COMMENTS = YES;
				CLANG_WARN_EMPTY_BODY = YES;
				CLANG_WARN_ENUM_CONVERSION = YES;
				CLANG_WARN_INFINITE_RECURSION = YES;
				CLANG_WARN_INT_CONVERSION = YES;
				CLANG_WARN_NON_LITERAL_NULL_CONVERSION = YES;
				CLANG_WARN_OBJC_IMPLICIT_RETAIN_SELF = YES;
				CLANG_WARN_OBJC_LITERAL_CONVERSION = YES;
				CLANG_WARN_OBJC_ROOT_CLASS = YES_ERROR;
				CLANG_WARN_QUOTED_INCLUDE_IN_FRAMEWORK_HEADER = YES;
				CLANG_WARN_RANGE_LOOP_ANALYSIS = YES;
				CLANG_WARN_STRICT_PROTOTYPES = YES;
				CLANG_WARN_SUSPICIOUS_MOVE = YES;
				CLANG_WARN_UNGUARDED_AVAILABILITY = YES_AGGRESSIVE;
				CLANG_WARN_UNREACHABLE_CODE = YES;
				CLANG_WARN__DUPLICATE_METHOD_MATCH = YES;
				COPY_PHASE_STRIP = NO;
				DEBUG_INFORMATION_FORMAT = dwarf;
				ENABLE_STRICT_OBJC_MSGSEND = YES;
				ENABLE_TESTABILITY = YES;
				GCC_C_LANGUAGE_STANDARD = gnu11;
				GCC_DYNAMIC_NO_PIC = NO;
				GCC_NO_COMMON_BLOCKS = YES;
				GCC_OPTIMIZATION_LEVEL = 0;
				GCC_PREPROCESSOR_DEFINITIONS = (
					"DEBUG=1",
					"$(inherited)",
				);
				GCC_WARN_64_TO_32_BIT_CONVERSION = YES;
				GCC_WARN_ABOUT_RETURN_TYPE = YES_ERROR;
				GCC_WARN_UNDECLARED_SELECTOR = YES;
				GCC_WARN_UNINITIALIZED_AUTOS = YES_AGGRESSIVE;
				GCC_WARN_UNUSED_FUNCTION = YES;
				GCC_WARN_UNUSED_VARIABLE = YES;
				IPHONEOS_DEPLOYMENT_TARGET = 15.5;
				MTL_ENABLE_DEBUG_INFO = INCLUDE_SOURCE;
				MTL_FAST_MATH = YES;
				ONLY_ACTIVE_ARCH = YES;
				SDKROOT = iphoneos;
				SWIFT_ACTIVE_COMPILATION_CONDITIONS = DEBUG;
				SWIFT_OPTIMIZATION_LEVEL = "-Onone";
			};
			name = Debug;
		};
		771DF9B428B35F3700C182AC /* Release */ = {
			isa = XCBuildConfiguration;
			buildSettings = {
				ALWAYS_SEARCH_USER_PATHS = NO;
				CLANG_ANALYZER_NONNULL = YES;
				CLANG_ANALYZER_NUMBER_OBJECT_CONVERSION = YES_AGGRESSIVE;
				CLANG_CXX_LANGUAGE_STANDARD = "gnu++17";
				CLANG_ENABLE_MODULES = YES;
				CLANG_ENABLE_OBJC_ARC = YES;
				CLANG_ENABLE_OBJC_WEAK = YES;
				CLANG_WARN_BLOCK_CAPTURE_AUTORELEASING = YES;
				CLANG_WARN_BOOL_CONVERSION = YES;
				CLANG_WARN_COMMA = YES;
				CLANG_WARN_CONSTANT_CONVERSION = YES;
				CLANG_WARN_DEPRECATED_OBJC_IMPLEMENTATIONS = YES;
				CLANG_WARN_DIRECT_OBJC_ISA_USAGE = YES_ERROR;
				CLANG_WARN_DOCUMENTATION_COMMENTS = YES;
				CLANG_WARN_EMPTY_BODY = YES;
				CLANG_WARN_ENUM_CONVERSION = YES;
				CLANG_WARN_INFINITE_RECURSION = YES;
				CLANG_WARN_INT_CONVERSION = YES;
				CLANG_WARN_NON_LITERAL_NULL_CONVERSION = YES;
				CLANG_WARN_OBJC_IMPLICIT_RETAIN_SELF = YES;
				CLANG_WARN_OBJC_LITERAL_CONVERSION = YES;
				CLANG_WARN_OBJC_ROOT_CLASS = YES_ERROR;
				CLANG_WARN_QUOTED_INCLUDE_IN_FRAMEWORK_HEADER = YES;
				CLANG_WARN_RANGE_LOOP_ANALYSIS = YES;
				CLANG_WARN_STRICT_PROTOTYPES = YES;
				CLANG_WARN_SUSPICIOUS_MOVE = YES;
				CLANG_WARN_UNGUARDED_AVAILABILITY = YES_AGGRESSIVE;
				CLANG_WARN_UNREACHABLE_CODE = YES;
				CLANG_WARN__DUPLICATE_METHOD_MATCH = YES;
				COPY_PHASE_STRIP = NO;
				DEBUG_INFORMATION_FORMAT = "dwarf-with-dsym";
				ENABLE_NS_ASSERTIONS = NO;
				ENABLE_STRICT_OBJC_MSGSEND = YES;
				GCC_C_LANGUAGE_STANDARD = gnu11;
				GCC_NO_COMMON_BLOCKS = YES;
				GCC_WARN_64_TO_32_BIT_CONVERSION = YES;
				GCC_WARN_ABOUT_RETURN_TYPE = YES_ERROR;
				GCC_WARN_UNDECLARED_SELECTOR = YES;
				GCC_WARN_UNINITIALIZED_AUTOS = YES_AGGRESSIVE;
				GCC_WARN_UNUSED_FUNCTION = YES;
				GCC_WARN_UNUSED_VARIABLE = YES;
				IPHONEOS_DEPLOYMENT_TARGET = 15.5;
				MTL_ENABLE_DEBUG_INFO = NO;
				MTL_FAST_MATH = YES;
				SDKROOT = iphoneos;
				SWIFT_COMPILATION_MODE = wholemodule;
				SWIFT_OPTIMIZATION_LEVEL = "-O";
				VALIDATE_PRODUCT = YES;
			};
			name = Release;
		};
		771DF9B628B35F3700C182AC /* Debug */ = {
			isa = XCBuildConfiguration;
			buildSettings = {
				ASSETCATALOG_COMPILER_APPICON_NAME = AppIcon;
				ASSETCATALOG_COMPILER_GLOBAL_ACCENT_COLOR_NAME = AccentColor;
				CODE_SIGN_STYLE = Automatic;
				CURRENT_PROJECT_VERSION = 1;
				DEVELOPMENT_TEAM = 5286U5DLX4;
				GENERATE_INFOPLIST_FILE = YES;
				INFOPLIST_FILE = SesacRealm/Info.plist;
				INFOPLIST_KEY_UIApplicationSupportsIndirectInputEvents = YES;
				INFOPLIST_KEY_UILaunchStoryboardName = LaunchScreen;
				INFOPLIST_KEY_UISupportedInterfaceOrientations_iPad = "UIInterfaceOrientationPortrait UIInterfaceOrientationPortraitUpsideDown UIInterfaceOrientationLandscapeLeft UIInterfaceOrientationLandscapeRight";
				INFOPLIST_KEY_UISupportedInterfaceOrientations_iPhone = "UIInterfaceOrientationPortrait UIInterfaceOrientationLandscapeLeft UIInterfaceOrientationLandscapeRight";
				LD_RUNPATH_SEARCH_PATHS = (
					"$(inherited)",
					"@executable_path/Frameworks",
				);
				MARKETING_VERSION = 1.0;
				PRODUCT_BUNDLE_IDENTIFIER = com.MosonLee.SesacRealm;
				PRODUCT_NAME = "$(TARGET_NAME)";
				SWIFT_EMIT_LOC_STRINGS = YES;
				SWIFT_VERSION = 5.0;
				TARGETED_DEVICE_FAMILY = "1,2";
			};
			name = Debug;
		};
		771DF9B728B35F3700C182AC /* Release */ = {
			isa = XCBuildConfiguration;
			buildSettings = {
				ASSETCATALOG_COMPILER_APPICON_NAME = AppIcon;
				ASSETCATALOG_COMPILER_GLOBAL_ACCENT_COLOR_NAME = AccentColor;
				CODE_SIGN_STYLE = Automatic;
				CURRENT_PROJECT_VERSION = 1;
				DEVELOPMENT_TEAM = 5286U5DLX4;
				GENERATE_INFOPLIST_FILE = YES;
				INFOPLIST_FILE = SesacRealm/Info.plist;
				INFOPLIST_KEY_UIApplicationSupportsIndirectInputEvents = YES;
				INFOPLIST_KEY_UILaunchStoryboardName = LaunchScreen;
				INFOPLIST_KEY_UISupportedInterfaceOrientations_iPad = "UIInterfaceOrientationPortrait UIInterfaceOrientationPortraitUpsideDown UIInterfaceOrientationLandscapeLeft UIInterfaceOrientationLandscapeRight";
				INFOPLIST_KEY_UISupportedInterfaceOrientations_iPhone = "UIInterfaceOrientationPortrait UIInterfaceOrientationLandscapeLeft UIInterfaceOrientationLandscapeRight";
				LD_RUNPATH_SEARCH_PATHS = (
					"$(inherited)",
					"@executable_path/Frameworks",
				);
				MARKETING_VERSION = 1.0;
				PRODUCT_BUNDLE_IDENTIFIER = com.MosonLee.SesacRealm;
				PRODUCT_NAME = "$(TARGET_NAME)";
				SWIFT_EMIT_LOC_STRINGS = YES;
				SWIFT_VERSION = 5.0;
				TARGETED_DEVICE_FAMILY = "1,2";
			};
			name = Release;
		};
/* End XCBuildConfiguration section */

/* Begin XCConfigurationList section */
		771DF99C28B35F3600C182AC /* Build configuration list for PBXProject "SesacRealm" */ = {
			isa = XCConfigurationList;
			buildConfigurations = (
				771DF9B328B35F3700C182AC /* Debug */,
				771DF9B428B35F3700C182AC /* Release */,
			);
			defaultConfigurationIsVisible = 0;
			defaultConfigurationName = Release;
		};
		771DF9B528B35F3700C182AC /* Build configuration list for PBXNativeTarget "SesacRealm" */ = {
			isa = XCConfigurationList;
			buildConfigurations = (
				771DF9B628B35F3700C182AC /* Debug */,
				771DF9B728B35F3700C182AC /* Release */,
			);
			defaultConfigurationIsVisible = 0;
			defaultConfigurationName = Release;
		};
/* End XCConfigurationList section */

/* Begin XCRemoteSwiftPackageReference section */
		771DF9C428B3607B00C182AC /* XCRemoteSwiftPackageReference "RxSwift" */ = {
			isa = XCRemoteSwiftPackageReference;
			repositoryURL = "https://github.com/ReactiveX/RxSwift.git";
			requirement = {
				branch = main;
				kind = branch;
			};
		};
		771DF9CB28B3608C00C182AC /* XCRemoteSwiftPackageReference "Toast-Swift" */ = {
			isa = XCRemoteSwiftPackageReference;
			repositoryURL = "https://github.com/scalessec/Toast-Swift.git";
			requirement = {
				branch = master;
				kind = branch;
			};
		};
/* End XCRemoteSwiftPackageReference section */

/* Begin XCSwiftPackageProductDependency section */
		771DF9C528B3607B00C182AC /* RxCocoa */ = {
			isa = XCSwiftPackageProductDependency;
			package = 771DF9C428B3607B00C182AC /* XCRemoteSwiftPackageReference "RxSwift" */;
			productName = RxCocoa;
		};
		771DF9C728B3607B00C182AC /* RxRelay */ = {
			isa = XCSwiftPackageProductDependency;
			package = 771DF9C428B3607B00C182AC /* XCRemoteSwiftPackageReference "RxSwift" */;
			productName = RxRelay;
		};
		771DF9C928B3607B00C182AC /* RxSwift */ = {
			isa = XCSwiftPackageProductDependency;
			package = 771DF9C428B3607B00C182AC /* XCRemoteSwiftPackageReference "RxSwift" */;
			productName = RxSwift;
		};
		771DF9CC28B3608C00C182AC /* Toast */ = {
			isa = XCSwiftPackageProductDependency;
			package = 771DF9CB28B3608C00C182AC /* XCRemoteSwiftPackageReference "Toast-Swift" */;
			productName = Toast;
		};
/* End XCSwiftPackageProductDependency section */
	};
	rootObject = 771DF99928B35F3600C182AC /* Project object */;
}
