// !$*UTF8*$!
{
	archiveVersion = 1;
	classes = {
	};
	objectVersion = 55;
	objects = {

/* Begin PBXBuildFile section */
		7794659028AB1FC200A86818 /* AppDelegate.swift in Sources */ = {isa = PBXBuildFile; fileRef = 7794658F28AB1FC200A86818 /* AppDelegate.swift */; };
		7794659228AB1FC200A86818 /* SceneDelegate.swift in Sources */ = {isa = PBXBuildFile; fileRef = 7794659128AB1FC200A86818 /* SceneDelegate.swift */; };
		7794659428AB1FC200A86818 /* ViewController.swift in Sources */ = {isa = PBXBuildFile; fileRef = 7794659328AB1FC200A86818 /* ViewController.swift */; };
		7794659728AB1FC200A86818 /* Main.storyboard in Resources */ = {isa = PBXBuildFile; fileRef = 7794659528AB1FC200A86818 /* Main.storyboard */; };
		7794659928AB1FC300A86818 /* Assets.xcassets in Resources */ = {isa = PBXBuildFile; fileRef = 7794659828AB1FC300A86818 /* Assets.xcassets */; };
		7794659C28AB1FC300A86818 /* LaunchScreen.storyboard in Resources */ = {isa = PBXBuildFile; fileRef = 7794659A28AB1FC300A86818 /* LaunchScreen.storyboard */; };
		779465BF28AB2C6900A86818 /* MosonLeeFramework.framework in Frameworks */ = {isa = PBXBuildFile; fileRef = 779465BC28AB2C2800A86818 /* MosonLeeFramework.framework */; };
		779465C028AB2C6900A86818 /* MosonLeeFramework.framework in Embed Frameworks */ = {isa = PBXBuildFile; fileRef = 779465BC28AB2C2800A86818 /* MosonLeeFramework.framework */; settings = {ATTRIBUTES = (CodeSignOnCopy, RemoveHeadersOnCopy, ); }; };
		779465C728AB3AA700A86818 /* WalkThrough.storyboard in Resources */ = {isa = PBXBuildFile; fileRef = 779465C628AB3AA700A86818 /* WalkThrough.storyboard */; };
		779465CB28AB3AF300A86818 /* FirstViewController.swift in Sources */ = {isa = PBXBuildFile; fileRef = 779465CA28AB3AF300A86818 /* FirstViewController.swift */; };
		779465CD28AB40E900A86818 /* SecondViewController.swift in Sources */ = {isa = PBXBuildFile; fileRef = 779465CC28AB40E900A86818 /* SecondViewController.swift */; };
		779465CF28AB40F100A86818 /* ThirdViewController.swift in Sources */ = {isa = PBXBuildFile; fileRef = 779465CE28AB40F100A86818 /* ThirdViewController.swift */; };
		779465D128AB40FD00A86818 /* PageViewController.swift in Sources */ = {isa = PBXBuildFile; fileRef = 779465D028AB40FD00A86818 /* PageViewController.swift */; };
		779465E228AC71BC00A86818 /* CodeViewController.swift in Sources */ = {isa = PBXBuildFile; fileRef = 779465E128AC71BC00A86818 /* CodeViewController.swift */; };
		779465E528AC81B700A86818 /* SnapKit in Frameworks */ = {isa = PBXBuildFile; productRef = 779465E428AC81B700A86818 /* SnapKit */; };
		779465E728AC822B00A86818 /* CodeSnapViewController.swift in Sources */ = {isa = PBXBuildFile; fileRef = 779465E628AC822B00A86818 /* CodeSnapViewController.swift */; };
		779465E928AC8C0D00A86818 /* CodeSnap2ViewController.swift in Sources */ = {isa = PBXBuildFile; fileRef = 779465E828AC8C0D00A86818 /* CodeSnap2ViewController.swift */; };
/* End PBXBuildFile section */

/* Begin PBXContainerItemProxy section */
		779465BB28AB2C2800A86818 /* PBXContainerItemProxy */ = {
			isa = PBXContainerItemProxy;
			containerPortal = 779465B628AB2C2800A86818 /* MosonLeeFramework.xcodeproj */;
			proxyType = 2;
			remoteGlobalIDString = 7794656728AB1BAE00A86818;
			remoteInfo = MosonLeeFramework;
		};
		779465BD28AB2C2800A86818 /* PBXContainerItemProxy */ = {
			isa = PBXContainerItemProxy;
			containerPortal = 779465B628AB2C2800A86818 /* MosonLeeFramework.xcodeproj */;
			proxyType = 2;
			remoteGlobalIDString = 7794657128AB1BAE00A86818;
			remoteInfo = MosonLeeFrameworkTests;
		};
/* End PBXContainerItemProxy section */

/* Begin PBXCopyFilesBuildPhase section */
		779465AF28AB20DF00A86818 /* Embed Frameworks */ = {
			isa = PBXCopyFilesBuildPhase;
			buildActionMask = 2147483647;
			dstPath = "";
			dstSubfolderSpec = 10;
			files = (
				779465C028AB2C6900A86818 /* MosonLeeFramework.framework in Embed Frameworks */,
			);
			name = "Embed Frameworks";
			runOnlyForDeploymentPostprocessing = 0;
		};
/* End PBXCopyFilesBuildPhase section */

/* Begin PBXFileReference section */
		7794658C28AB1FC200A86818 /* SeSACDiary.app */ = {isa = PBXFileReference; explicitFileType = wrapper.application; includeInIndex = 0; path = SeSACDiary.app; sourceTree = BUILT_PRODUCTS_DIR; };
		7794658F28AB1FC200A86818 /* AppDelegate.swift */ = {isa = PBXFileReference; lastKnownFileType = sourcecode.swift; path = AppDelegate.swift; sourceTree = "<group>"; };
		7794659128AB1FC200A86818 /* SceneDelegate.swift */ = {isa = PBXFileReference; lastKnownFileType = sourcecode.swift; path = SceneDelegate.swift; sourceTree = "<group>"; };
		7794659328AB1FC200A86818 /* ViewController.swift */ = {isa = PBXFileReference; lastKnownFileType = sourcecode.swift; path = ViewController.swift; sourceTree = "<group>"; };
		7794659628AB1FC200A86818 /* Base */ = {isa = PBXFileReference; lastKnownFileType = file.storyboard; name = Base; path = Base.lproj/Main.storyboard; sourceTree = "<group>"; };
		7794659828AB1FC300A86818 /* Assets.xcassets */ = {isa = PBXFileReference; lastKnownFileType = folder.assetcatalog; path = Assets.xcassets; sourceTree = "<group>"; };
		7794659B28AB1FC300A86818 /* Base */ = {isa = PBXFileReference; lastKnownFileType = file.storyboard; name = Base; path = Base.lproj/LaunchScreen.storyboard; sourceTree = "<group>"; };
		7794659D28AB1FC300A86818 /* Info.plist */ = {isa = PBXFileReference; lastKnownFileType = text.plist.xml; path = Info.plist; sourceTree = "<group>"; };
		779465B628AB2C2800A86818 /* MosonLeeFramework.xcodeproj */ = {isa = PBXFileReference; lastKnownFileType = "wrapper.pb-project"; name = MosonLeeFramework.xcodeproj; path = ../MosonLeeFramework/MosonLeeFramework.xcodeproj; sourceTree = "<group>"; };
		779465C628AB3AA700A86818 /* WalkThrough.storyboard */ = {isa = PBXFileReference; lastKnownFileType = file.storyboard; path = WalkThrough.storyboard; sourceTree = "<group>"; };
		779465CA28AB3AF300A86818 /* FirstViewController.swift */ = {isa = PBXFileReference; lastKnownFileType = sourcecode.swift; path = FirstViewController.swift; sourceTree = "<group>"; };
		779465CC28AB40E900A86818 /* SecondViewController.swift */ = {isa = PBXFileReference; lastKnownFileType = sourcecode.swift; path = SecondViewController.swift; sourceTree = "<group>"; };
		779465CE28AB40F100A86818 /* ThirdViewController.swift */ = {isa = PBXFileReference; lastKnownFileType = sourcecode.swift; path = ThirdViewController.swift; sourceTree = "<group>"; };
		779465D028AB40FD00A86818 /* PageViewController.swift */ = {isa = PBXFileReference; lastKnownFileType = sourcecode.swift; path = PageViewController.swift; sourceTree = "<group>"; };
		779465E128AC71BC00A86818 /* CodeViewController.swift */ = {isa = PBXFileReference; lastKnownFileType = sourcecode.swift; path = CodeViewController.swift; sourceTree = "<group>"; };
		779465E628AC822B00A86818 /* CodeSnapViewController.swift */ = {isa = PBXFileReference; lastKnownFileType = sourcecode.swift; path = CodeSnapViewController.swift; sourceTree = "<group>"; };
		779465E828AC8C0D00A86818 /* CodeSnap2ViewController.swift */ = {isa = PBXFileReference; lastKnownFileType = sourcecode.swift; path = CodeSnap2ViewController.swift; sourceTree = "<group>"; };
/* End PBXFileReference section */

/* Begin PBXFrameworksBuildPhase section */
		7794658928AB1FC200A86818 /* Frameworks */ = {
			isa = PBXFrameworksBuildPhase;
			buildActionMask = 2147483647;
			files = (
				779465BF28AB2C6900A86818 /* MosonLeeFramework.framework in Frameworks */,
				779465E528AC81B700A86818 /* SnapKit in Frameworks */,
			);
			runOnlyForDeploymentPostprocessing = 0;
		};
/* End PBXFrameworksBuildPhase section */

/* Begin PBXGroup section */
		7794658328AB1FC200A86818 = {
			isa = PBXGroup;
			children = (
				779465B628AB2C2800A86818 /* MosonLeeFramework.xcodeproj */,
				7794658E28AB1FC200A86818 /* SeSACDiary */,
				7794658D28AB1FC200A86818 /* Products */,
				779465AC28AB20DF00A86818 /* Frameworks */,
			);
			sourceTree = "<group>";
		};
		7794658D28AB1FC200A86818 /* Products */ = {
			isa = PBXGroup;
			children = (
				7794658C28AB1FC200A86818 /* SeSACDiary.app */,
			);
			name = Products;
			sourceTree = "<group>";
		};
		7794658E28AB1FC200A86818 /* SeSACDiary */ = {
			isa = PBXGroup;
			children = (
				7794658F28AB1FC200A86818 /* AppDelegate.swift */,
				779465C328AB3A7F00A86818 /* WalkThrough */,
				779465DE28AC719600A86818 /* CodeBase */,
				7794659128AB1FC200A86818 /* SceneDelegate.swift */,
				7794659328AB1FC200A86818 /* ViewController.swift */,
				7794659528AB1FC200A86818 /* Main.storyboard */,
				7794659828AB1FC300A86818 /* Assets.xcassets */,
				7794659A28AB1FC300A86818 /* LaunchScreen.storyboard */,
				7794659D28AB1FC300A86818 /* Info.plist */,
			);
			path = SeSACDiary;
			sourceTree = "<group>";
		};
		779465AC28AB20DF00A86818 /* Frameworks */ = {
			isa = PBXGroup;
			children = (
			);
			name = Frameworks;
			sourceTree = "<group>";
		};
		779465B728AB2C2800A86818 /* Products */ = {
			isa = PBXGroup;
			children = (
				779465BC28AB2C2800A86818 /* MosonLeeFramework.framework */,
				779465BE28AB2C2800A86818 /* MosonLeeFrameworkTests.xctest */,
			);
			name = Products;
			sourceTree = "<group>";
		};
		779465C328AB3A7F00A86818 /* WalkThrough */ = {
			isa = PBXGroup;
			children = (
				779465C628AB3AA700A86818 /* WalkThrough.storyboard */,
				779465CA28AB3AF300A86818 /* FirstViewController.swift */,
				779465CC28AB40E900A86818 /* SecondViewController.swift */,
				779465CE28AB40F100A86818 /* ThirdViewController.swift */,
				779465D028AB40FD00A86818 /* PageViewController.swift */,
			);
			path = WalkThrough;
			sourceTree = "<group>";
		};
		779465DE28AC719600A86818 /* CodeBase */ = {
			isa = PBXGroup;
			children = (
				779465E128AC71BC00A86818 /* CodeViewController.swift */,
				779465E628AC822B00A86818 /* CodeSnapViewController.swift */,
				779465E828AC8C0D00A86818 /* CodeSnap2ViewController.swift */,
			);
			path = CodeBase;
			sourceTree = "<group>";
		};
/* End PBXGroup section */

/* Begin PBXNativeTarget section */
		7794658B28AB1FC200A86818 /* SeSACDiary */ = {
			isa = PBXNativeTarget;
			buildConfigurationList = 779465A028AB1FC300A86818 /* Build configuration list for PBXNativeTarget "SeSACDiary" */;
			buildPhases = (
				7794658828AB1FC200A86818 /* Sources */,
				7794658928AB1FC200A86818 /* Frameworks */,
				7794658A28AB1FC200A86818 /* Resources */,
				779465AF28AB20DF00A86818 /* Embed Frameworks */,
			);
			buildRules = (
			);
			dependencies = (
			);
			name = SeSACDiary;
			packageProductDependencies = (
				779465E428AC81B700A86818 /* SnapKit */,
			);
			productName = SeSACDiary;
			productReference = 7794658C28AB1FC200A86818 /* SeSACDiary.app */;
			productType = "com.apple.product-type.application";
		};
/* End PBXNativeTarget section */

/* Begin PBXProject section */
		7794658428AB1FC200A86818 /* Project object */ = {
			isa = PBXProject;
			attributes = {
				BuildIndependentTargetsInParallel = 1;
				LastSwiftUpdateCheck = 1340;
				LastUpgradeCheck = 1340;
				TargetAttributes = {
					7794658B28AB1FC200A86818 = {
						CreatedOnToolsVersion = 13.4.1;
					};
				};
			};
			buildConfigurationList = 7794658728AB1FC200A86818 /* Build configuration list for PBXProject "SeSACDiary" */;
			compatibilityVersion = "Xcode 13.0";
			developmentRegion = en;
			hasScannedForEncodings = 0;
			knownRegions = (
				en,
				Base,
			);
			mainGroup = 7794658328AB1FC200A86818;
			packageReferences = (
				779465E328AC81B700A86818 /* XCRemoteSwiftPackageReference "SnapKit" */,
			);
			productRefGroup = 7794658D28AB1FC200A86818 /* Products */;
			projectDirPath = "";
			projectReferences = (
				{
					ProductGroup = 779465B728AB2C2800A86818 /* Products */;
					ProjectRef = 779465B628AB2C2800A86818 /* MosonLeeFramework.xcodeproj */;
				},
			);
			projectRoot = "";
			targets = (
				7794658B28AB1FC200A86818 /* SeSACDiary */,
			);
		};
/* End PBXProject section */

/* Begin PBXReferenceProxy section */
		779465BC28AB2C2800A86818 /* MosonLeeFramework.framework */ = {
			isa = PBXReferenceProxy;
			fileType = wrapper.framework;
			path = MosonLeeFramework.framework;
			remoteRef = 779465BB28AB2C2800A86818 /* PBXContainerItemProxy */;
			sourceTree = BUILT_PRODUCTS_DIR;
		};
		779465BE28AB2C2800A86818 /* MosonLeeFrameworkTests.xctest */ = {
			isa = PBXReferenceProxy;
			fileType = wrapper.cfbundle;
			path = MosonLeeFrameworkTests.xctest;
			remoteRef = 779465BD28AB2C2800A86818 /* PBXContainerItemProxy */;
			sourceTree = BUILT_PRODUCTS_DIR;
		};
/* End PBXReferenceProxy section */

/* Begin PBXResourcesBuildPhase section */
		7794658A28AB1FC200A86818 /* Resources */ = {
			isa = PBXResourcesBuildPhase;
			buildActionMask = 2147483647;
			files = (
				7794659C28AB1FC300A86818 /* LaunchScreen.storyboard in Resources */,
				779465C728AB3AA700A86818 /* WalkThrough.storyboard in Resources */,
				7794659928AB1FC300A86818 /* Assets.xcassets in Resources */,
				7794659728AB1FC200A86818 /* Main.storyboard in Resources */,
			);
			runOnlyForDeploymentPostprocessing = 0;
		};
/* End PBXResourcesBuildPhase section */

/* Begin PBXSourcesBuildPhase section */
		7794658828AB1FC200A86818 /* Sources */ = {
			isa = PBXSourcesBuildPhase;
			buildActionMask = 2147483647;
			files = (
				7794659428AB1FC200A86818 /* ViewController.swift in Sources */,
				779465D128AB40FD00A86818 /* PageViewController.swift in Sources */,
				7794659028AB1FC200A86818 /* AppDelegate.swift in Sources */,
				7794659228AB1FC200A86818 /* SceneDelegate.swift in Sources */,
				779465E728AC822B00A86818 /* CodeSnapViewController.swift in Sources */,
				779465CD28AB40E900A86818 /* SecondViewController.swift in Sources */,
				779465E228AC71BC00A86818 /* CodeViewController.swift in Sources */,
				779465E928AC8C0D00A86818 /* CodeSnap2ViewController.swift in Sources */,
				779465CF28AB40F100A86818 /* ThirdViewController.swift in Sources */,
				779465CB28AB3AF300A86818 /* FirstViewController.swift in Sources */,
			);
			runOnlyForDeploymentPostprocessing = 0;
		};
/* End PBXSourcesBuildPhase section */

/* Begin PBXVariantGroup section */
		7794659528AB1FC200A86818 /* Main.storyboard */ = {
			isa = PBXVariantGroup;
			children = (
				7794659628AB1FC200A86818 /* Base */,
			);
			name = Main.storyboard;
			sourceTree = "<group>";
		};
		7794659A28AB1FC300A86818 /* LaunchScreen.storyboard */ = {
			isa = PBXVariantGroup;
			children = (
				7794659B28AB1FC300A86818 /* Base */,
			);
			name = LaunchScreen.storyboard;
			sourceTree = "<group>";
		};
/* End PBXVariantGroup section */

/* Begin XCBuildConfiguration section */
		7794659E28AB1FC300A86818 /* Debug */ = {
			isa = XCBuildConfiguration;
			buildSettings = {
				ALWAYS_SEARCH_USER_PATHS = NO;
				CLANG_ANALYZER_NONNULL = YES;
				CLANG_ANALYZER_NUMBER_OBJECT_CONVERSION = YES_AGGRESSIVE;
				CLANG_CXX_LANGUAGE_STANDARD = "gnu++17";
				CLANG_ENABLE_MODULES = YES;
				CLANG_ENABLE_OBJC_ARC = YES;
				CLANG_ENABLE_OBJC_WEAK = YES;
				CLANG_WARN_BLOCK_CAPTURE_AUTORELEASING = YES;
				CLANG_WARN_BOOL_CONVERSION = YES;
				CLANG_WARN_COMMA = YES;
				CLANG_WARN_CONSTANT_CONVERSION = YES;
				CLANG_WARN_DEPRECATED_OBJC_IMPLEMENTATIONS = YES;
				CLANG_WARN_DIRECT_OBJC_ISA_USAGE = YES_ERROR;
				CLANG_WARN_DOCUMENTATION_COMMENTS = YES;
				CLANG_WARN_EMPTY_BODY = YES;
				CLANG_WARN_ENUM_CONVERSION = YES;
				CLANG_WARN_INFINITE_RECURSION = YES;
				CLANG_WARN_INT_CONVERSION = YES;
				CLANG_WARN_NON_LITERAL_NULL_CONVERSION = YES;
				CLANG_WARN_OBJC_IMPLICIT_RETAIN_SELF = YES;
				CLANG_WARN_OBJC_LITERAL_CONVERSION = YES;
				CLANG_WARN_OBJC_ROOT_CLASS = YES_ERROR;
				CLANG_WARN_QUOTED_INCLUDE_IN_FRAMEWORK_HEADER = YES;
				CLANG_WARN_RANGE_LOOP_ANALYSIS = YES;
				CLANG_WARN_STRICT_PROTOTYPES = YES;
				CLANG_WARN_SUSPICIOUS_MOVE = YES;
				CLANG_WARN_UNGUARDED_AVAILABILITY = YES_AGGRESSIVE;
				CLANG_WARN_UNREACHABLE_CODE = YES;
				CLANG_WARN__DUPLICATE_METHOD_MATCH = YES;
				COPY_PHASE_STRIP = NO;
				DEBUG_INFORMATION_FORMAT = dwarf;
				ENABLE_STRICT_OBJC_MSGSEND = YES;
				ENABLE_TESTABILITY = YES;
				GCC_C_LANGUAGE_STANDARD = gnu11;
				GCC_DYNAMIC_NO_PIC = NO;
				GCC_NO_COMMON_BLOCKS = YES;
				GCC_OPTIMIZATION_LEVEL = 0;
				GCC_PREPROCESSOR_DEFINITIONS = (
					"DEBUG=1",
					"$(inherited)",
				);
				GCC_WARN_64_TO_32_BIT_CONVERSION = YES;
				GCC_WARN_ABOUT_RETURN_TYPE = YES_ERROR;
				GCC_WARN_UNDECLARED_SELECTOR = YES;
				GCC_WARN_UNINITIALIZED_AUTOS = YES_AGGRESSIVE;
				GCC_WARN_UNUSED_FUNCTION = YES;
				GCC_WARN_UNUSED_VARIABLE = YES;
				IPHONEOS_DEPLOYMENT_TARGET = 15.5;
				MTL_ENABLE_DEBUG_INFO = INCLUDE_SOURCE;
				MTL_FAST_MATH = YES;
				ONLY_ACTIVE_ARCH = YES;
				SDKROOT = iphoneos;
				SWIFT_ACTIVE_COMPILATION_CONDITIONS = DEBUG;
				SWIFT_OPTIMIZATION_LEVEL = "-Onone";
			};
			name = Debug;
		};
		7794659F28AB1FC300A86818 /* Release */ = {
			isa = XCBuildConfiguration;
			buildSettings = {
				ALWAYS_SEARCH_USER_PATHS = NO;
				CLANG_ANALYZER_NONNULL = YES;
				CLANG_ANALYZER_NUMBER_OBJECT_CONVERSION = YES_AGGRESSIVE;
				CLANG_CXX_LANGUAGE_STANDARD = "gnu++17";
				CLANG_ENABLE_MODULES = YES;
				CLANG_ENABLE_OBJC_ARC = YES;
				CLANG_ENABLE_OBJC_WEAK = YES;
				CLANG_WARN_BLOCK_CAPTURE_AUTORELEASING = YES;
				CLANG_WARN_BOOL_CONVERSION = YES;
				CLANG_WARN_COMMA = YES;
				CLANG_WARN_CONSTANT_CONVERSION = YES;
				CLANG_WARN_DEPRECATED_OBJC_IMPLEMENTATIONS = YES;
				CLANG_WARN_DIRECT_OBJC_ISA_USAGE = YES_ERROR;
				CLANG_WARN_DOCUMENTATION_COMMENTS = YES;
				CLANG_WARN_EMPTY_BODY = YES;
				CLANG_WARN_ENUM_CONVERSION = YES;
				CLANG_WARN_INFINITE_RECURSION = YES;
				CLANG_WARN_INT_CONVERSION = YES;
				CLANG_WARN_NON_LITERAL_NULL_CONVERSION = YES;
				CLANG_WARN_OBJC_IMPLICIT_RETAIN_SELF = YES;
				CLANG_WARN_OBJC_LITERAL_CONVERSION = YES;
				CLANG_WARN_OBJC_ROOT_CLASS = YES_ERROR;
				CLANG_WARN_QUOTED_INCLUDE_IN_FRAMEWORK_HEADER = YES;
				CLANG_WARN_RANGE_LOOP_ANALYSIS = YES;
				CLANG_WARN_STRICT_PROTOTYPES = YES;
				CLANG_WARN_SUSPICIOUS_MOVE = YES;
				CLANG_WARN_UNGUARDED_AVAILABILITY = YES_AGGRESSIVE;
				CLANG_WARN_UNREACHABLE_CODE = YES;
				CLANG_WARN__DUPLICATE_METHOD_MATCH = YES;
				COPY_PHASE_STRIP = NO;
				DEBUG_INFORMATION_FORMAT = "dwarf-with-dsym";
				ENABLE_NS_ASSERTIONS = NO;
				ENABLE_STRICT_OBJC_MSGSEND = YES;
				GCC_C_LANGUAGE_STANDARD = gnu11;
				GCC_NO_COMMON_BLOCKS = YES;
				GCC_WARN_64_TO_32_BIT_CONVERSION = YES;
				GCC_WARN_ABOUT_RETURN_TYPE = YES_ERROR;
				GCC_WARN_UNDECLARED_SELECTOR = YES;
				GCC_WARN_UNINITIALIZED_AUTOS = YES_AGGRESSIVE;
				GCC_WARN_UNUSED_FUNCTION = YES;
				GCC_WARN_UNUSED_VARIABLE = YES;
				IPHONEOS_DEPLOYMENT_TARGET = 15.5;
				MTL_ENABLE_DEBUG_INFO = NO;
				MTL_FAST_MATH = YES;
				SDKROOT = iphoneos;
				SWIFT_COMPILATION_MODE = wholemodule;
				SWIFT_OPTIMIZATION_LEVEL = "-O";
				VALIDATE_PRODUCT = YES;
			};
			name = Release;
		};
		779465A128AB1FC300A86818 /* Debug */ = {
			isa = XCBuildConfiguration;
			buildSettings = {
				ASSETCATALOG_COMPILER_APPICON_NAME = AppIcon;
				ASSETCATALOG_COMPILER_GLOBAL_ACCENT_COLOR_NAME = AccentColor;
				CODE_SIGN_STYLE = Automatic;
				CURRENT_PROJECT_VERSION = 1;
				DEVELOPMENT_TEAM = 5286U5DLX4;
				GENERATE_INFOPLIST_FILE = YES;
				INFOPLIST_FILE = SeSACDiary/Info.plist;
				INFOPLIST_KEY_UIApplicationSupportsIndirectInputEvents = YES;
				INFOPLIST_KEY_UILaunchStoryboardName = LaunchScreen;
				INFOPLIST_KEY_UIMainStoryboardFile = Main;
				INFOPLIST_KEY_UISupportedInterfaceOrientations_iPad = "UIInterfaceOrientationPortrait UIInterfaceOrientationPortraitUpsideDown UIInterfaceOrientationLandscapeLeft UIInterfaceOrientationLandscapeRight";
				INFOPLIST_KEY_UISupportedInterfaceOrientations_iPhone = "UIInterfaceOrientationPortrait UIInterfaceOrientationLandscapeLeft UIInterfaceOrientationLandscapeRight";
				LD_RUNPATH_SEARCH_PATHS = (
					"$(inherited)",
					"@executable_path/Frameworks",
				);
				MARKETING_VERSION = 1.0;
				PRODUCT_BUNDLE_IDENTIFIER = com.MosonLee.SeSACDiary;
				PRODUCT_NAME = "$(TARGET_NAME)";
				SWIFT_EMIT_LOC_STRINGS = YES;
				SWIFT_VERSION = 5.0;
				TARGETED_DEVICE_FAMILY = "1,2";
			};
			name = Debug;
		};
		779465A228AB1FC300A86818 /* Release */ = {
			isa = XCBuildConfiguration;
			buildSettings = {
				ASSETCATALOG_COMPILER_APPICON_NAME = AppIcon;
				ASSETCATALOG_COMPILER_GLOBAL_ACCENT_COLOR_NAME = AccentColor;
				CODE_SIGN_STYLE = Automatic;
				CURRENT_PROJECT_VERSION = 1;
				DEVELOPMENT_TEAM = 5286U5DLX4;
				GENERATE_INFOPLIST_FILE = YES;
				INFOPLIST_FILE = SeSACDiary/Info.plist;
				INFOPLIST_KEY_UIApplicationSupportsIndirectInputEvents = YES;
				INFOPLIST_KEY_UILaunchStoryboardName = LaunchScreen;
				INFOPLIST_KEY_UIMainStoryboardFile = Main;
				INFOPLIST_KEY_UISupportedInterfaceOrientations_iPad = "UIInterfaceOrientationPortrait UIInterfaceOrientationPortraitUpsideDown UIInterfaceOrientationLandscapeLeft UIInterfaceOrientationLandscapeRight";
				INFOPLIST_KEY_UISupportedInterfaceOrientations_iPhone = "UIInterfaceOrientationPortrait UIInterfaceOrientationLandscapeLeft UIInterfaceOrientationLandscapeRight";
				LD_RUNPATH_SEARCH_PATHS = (
					"$(inherited)",
					"@executable_path/Frameworks",
				);
				MARKETING_VERSION = 1.0;
				PRODUCT_BUNDLE_IDENTIFIER = com.MosonLee.SeSACDiary;
				PRODUCT_NAME = "$(TARGET_NAME)";
				SWIFT_EMIT_LOC_STRINGS = YES;
				SWIFT_VERSION = 5.0;
				TARGETED_DEVICE_FAMILY = "1,2";
			};
			name = Release;
		};
/* End XCBuildConfiguration section */

/* Begin XCConfigurationList section */
		7794658728AB1FC200A86818 /* Build configuration list for PBXProject "SeSACDiary" */ = {
			isa = XCConfigurationList;
			buildConfigurations = (
				7794659E28AB1FC300A86818 /* Debug */,
				7794659F28AB1FC300A86818 /* Release */,
			);
			defaultConfigurationIsVisible = 0;
			defaultConfigurationName = Release;
		};
		779465A028AB1FC300A86818 /* Build configuration list for PBXNativeTarget "SeSACDiary" */ = {
			isa = XCConfigurationList;
			buildConfigurations = (
				779465A128AB1FC300A86818 /* Debug */,
				779465A228AB1FC300A86818 /* Release */,
			);
			defaultConfigurationIsVisible = 0;
			defaultConfigurationName = Release;
		};
/* End XCConfigurationList section */

/* Begin XCRemoteSwiftPackageReference section */
		779465E328AC81B700A86818 /* XCRemoteSwiftPackageReference "SnapKit" */ = {
			isa = XCRemoteSwiftPackageReference;
			repositoryURL = "https://github.com/SnapKit/SnapKit.git";
			requirement = {
				kind = upToNextMajorVersion;
				minimumVersion = 5.0.0;
			};
		};
/* End XCRemoteSwiftPackageReference section */

/* Begin XCSwiftPackageProductDependency section */
		779465E428AC81B700A86818 /* SnapKit */ = {
			isa = XCSwiftPackageProductDependency;
			package = 779465E328AC81B700A86818 /* XCRemoteSwiftPackageReference "SnapKit" */;
			productName = SnapKit;
		};
/* End XCSwiftPackageProductDependency section */
	};
	rootObject = 7794658428AB1FC200A86818 /* Project object */;
}
