// !$*UTF8*$!
{
	archiveVersion = 1;
	classes = {
	};
	objectVersion = 55;
	objects = {

/* Begin PBXBuildFile section */
		770E874D2899F6FB009AC559 /* AppDelegate.swift in Sources */ = {isa = PBXBuildFile; fileRef = 770E874C2899F6FB009AC559 /* AppDelegate.swift */; };
		770E874F2899F6FB009AC559 /* SceneDelegate.swift in Sources */ = {isa = PBXBuildFile; fileRef = 770E874E2899F6FB009AC559 /* SceneDelegate.swift */; };
		770E87542899F6FB009AC559 /* TMDB.storyboard in Resources */ = {isa = PBXBuildFile; fileRef = 770E87522899F6FB009AC559 /* TMDB.storyboard */; };
		770E87562899F6FC009AC559 /* Assets.xcassets in Resources */ = {isa = PBXBuildFile; fileRef = 770E87552899F6FC009AC559 /* Assets.xcassets */; };
		770E87592899F6FC009AC559 /* LaunchScreen.storyboard in Resources */ = {isa = PBXBuildFile; fileRef = 770E87572899F6FC009AC559 /* LaunchScreen.storyboard */; };
		770E87662899F8A3009AC559 /* APIKey.swift in Sources */ = {isa = PBXBuildFile; fileRef = 770E87652899F8A3009AC559 /* APIKey.swift */; };
		770E8777289AB545009AC559 /* TMDBCollectionViewCell.swift in Sources */ = {isa = PBXBuildFile; fileRef = 770E8775289AB545009AC559 /* TMDBCollectionViewCell.swift */; };
		770E8778289AB545009AC559 /* TMDBCollectionViewCell.xib in Resources */ = {isa = PBXBuildFile; fileRef = 770E8776289AB545009AC559 /* TMDBCollectionViewCell.xib */; };
		770E877A289AB558009AC559 /* TMDBViewController.swift in Sources */ = {isa = PBXBuildFile; fileRef = 770E8779289AB558009AC559 /* TMDBViewController.swift */; };
		770E877F289AC28E009AC559 /* Alamofire in Frameworks */ = {isa = PBXBuildFile; productRef = 770E877E289AC28E009AC559 /* Alamofire */; };
		770E8782289AC29A009AC559 /* SwiftyJSON in Frameworks */ = {isa = PBXBuildFile; productRef = 770E8781289AC29A009AC559 /* SwiftyJSON */; };
		770E8785289AC2A2009AC559 /* Kingfisher in Frameworks */ = {isa = PBXBuildFile; productRef = 770E8784289AC2A2009AC559 /* Kingfisher */; };
		770E8787289AC36D009AC559 /* TMDBModel.swift in Sources */ = {isa = PBXBuildFile; fileRef = 770E8786289AC36D009AC559 /* TMDBModel.swift */; };
		771D1A9F28A4939500172A30 /* MapViewController.swift in Sources */ = {isa = PBXBuildFile; fileRef = 771D1A9E28A4939500172A30 /* MapViewController.swift */; };
		771D1AA128A5767C00172A30 /* MapPracticeViewController.swift in Sources */ = {isa = PBXBuildFile; fileRef = 771D1AA028A5767C00172A30 /* MapPracticeViewController.swift */; };
		771D1AA828A6CF9F00172A30 /* WeatherModel.swift in Sources */ = {isa = PBXBuildFile; fileRef = 771D1AA728A6CF9F00172A30 /* WeatherModel.swift */; };
		771D1AAA28A6EC3900172A30 /* WeatherViewController.swift in Sources */ = {isa = PBXBuildFile; fileRef = 771D1AA928A6EC3900172A30 /* WeatherViewController.swift */; };
		77746CF4289C3128001BF7E0 /* MovieInfoViewController.swift in Sources */ = {isa = PBXBuildFile; fileRef = 77746CF3289C3128001BF7E0 /* MovieInfoViewController.swift */; };
		77746CF6289C357F001BF7E0 /* MovieInfoTableViewCell.swift in Sources */ = {isa = PBXBuildFile; fileRef = 77746CF5289C357F001BF7E0 /* MovieInfoTableViewCell.swift */; };
		779465D528ABC95A00A86818 /* InitialPageViewController.swift in Sources */ = {isa = PBXBuildFile; fileRef = 779465D428ABC95A00A86818 /* InitialPageViewController.swift */; };
		779465D728ABCAF000A86818 /* FirstViewController.swift in Sources */ = {isa = PBXBuildFile; fileRef = 779465D628ABCAF000A86818 /* FirstViewController.swift */; };
		779465D928ABCAF600A86818 /* SecondViewController.swift in Sources */ = {isa = PBXBuildFile; fileRef = 779465D828ABCAF600A86818 /* SecondViewController.swift */; };
		779465DB28ABCAFF00A86818 /* ThirdViewController.swift in Sources */ = {isa = PBXBuildFile; fileRef = 779465DA28ABCAFF00A86818 /* ThirdViewController.swift */; };
		77C7424C28A299F00057D3EB /* Sesac6Assignment.storyboard in Resources */ = {isa = PBXBuildFile; fileRef = 77C7424B28A299F00057D3EB /* Sesac6Assignment.storyboard */; };
		77C7424E28A29ADD0057D3EB /* CardView.xib in Resources */ = {isa = PBXBuildFile; fileRef = 77C7424D28A29ADD0057D3EB /* CardView.xib */; };
		77C7425028A29C290057D3EB /* CardView.swift in Sources */ = {isa = PBXBuildFile; fileRef = 77C7424F28A29C290057D3EB /* CardView.swift */; };
		77C7425228A29C960057D3EB /* MainViewController.swift in Sources */ = {isa = PBXBuildFile; fileRef = 77C7425128A29C960057D3EB /* MainViewController.swift */; };
		77C7425428A29D300057D3EB /* MainTableViewCell.swift in Sources */ = {isa = PBXBuildFile; fileRef = 77C7425328A29D300057D3EB /* MainTableViewCell.swift */; };
		77C7425628A29D5B0057D3EB /* MainCollectionViewCell.swift in Sources */ = {isa = PBXBuildFile; fileRef = 77C7425528A29D5B0057D3EB /* MainCollectionViewCell.swift */; };
		77C7425A28A2A7490057D3EB /* MainCollectionViewCell.xib in Resources */ = {isa = PBXBuildFile; fileRef = 77C7425928A2A7490057D3EB /* MainCollectionViewCell.xib */; };
		77D6DDEF289D5EB600B65BA0 /* WebViewController.swift in Sources */ = {isa = PBXBuildFile; fileRef = 77D6DDEE289D5EB600B65BA0 /* WebViewController.swift */; };
		77D6DDF2289D740000B65BA0 /* APIManager.swift in Sources */ = {isa = PBXBuildFile; fileRef = 77D6DDF1289D740000B65BA0 /* APIManager.swift */; };
		77D6DDF5289D8DF800B65BA0 /* JGProgressHUD in Frameworks */ = {isa = PBXBuildFile; productRef = 77D6DDF4289D8DF800B65BA0 /* JGProgressHUD */; };
/* End PBXBuildFile section */

/* Begin PBXFileReference section */
		770E87492899F6FB009AC559 /* SeSacTMDBProject.app */ = {isa = PBXFileReference; explicitFileType = wrapper.application; includeInIndex = 0; path = SeSacTMDBProject.app; sourceTree = BUILT_PRODUCTS_DIR; };
		770E874C2899F6FB009AC559 /* AppDelegate.swift */ = {isa = PBXFileReference; lastKnownFileType = sourcecode.swift; path = AppDelegate.swift; sourceTree = "<group>"; };
		770E874E2899F6FB009AC559 /* SceneDelegate.swift */ = {isa = PBXFileReference; lastKnownFileType = sourcecode.swift; path = SceneDelegate.swift; sourceTree = "<group>"; };
		770E87532899F6FB009AC559 /* Base */ = {isa = PBXFileReference; lastKnownFileType = file.storyboard; name = Base; path = Base.lproj/TMDB.storyboard; sourceTree = "<group>"; };
		770E87552899F6FC009AC559 /* Assets.xcassets */ = {isa = PBXFileReference; lastKnownFileType = folder.assetcatalog; path = Assets.xcassets; sourceTree = "<group>"; };
		770E87582899F6FC009AC559 /* Base */ = {isa = PBXFileReference; lastKnownFileType = file.storyboard; name = Base; path = Base.lproj/LaunchScreen.storyboard; sourceTree = "<group>"; };
		770E875A2899F6FC009AC559 /* Info.plist */ = {isa = PBXFileReference; lastKnownFileType = text.plist.xml; path = Info.plist; sourceTree = "<group>"; };
		770E87652899F8A3009AC559 /* APIKey.swift */ = {isa = PBXFileReference; lastKnownFileType = sourcecode.swift; path = APIKey.swift; sourceTree = "<group>"; };
		770E8775289AB545009AC559 /* TMDBCollectionViewCell.swift */ = {isa = PBXFileReference; lastKnownFileType = sourcecode.swift; path = TMDBCollectionViewCell.swift; sourceTree = "<group>"; };
		770E8776289AB545009AC559 /* TMDBCollectionViewCell.xib */ = {isa = PBXFileReference; lastKnownFileType = file.xib; path = TMDBCollectionViewCell.xib; sourceTree = "<group>"; };
		770E8779289AB558009AC559 /* TMDBViewController.swift */ = {isa = PBXFileReference; lastKnownFileType = sourcecode.swift; path = TMDBViewController.swift; sourceTree = "<group>"; };
		770E8786289AC36D009AC559 /* TMDBModel.swift */ = {isa = PBXFileReference; lastKnownFileType = sourcecode.swift; path = TMDBModel.swift; sourceTree = "<group>"; };
		771D1A9E28A4939500172A30 /* MapViewController.swift */ = {isa = PBXFileReference; lastKnownFileType = sourcecode.swift; path = MapViewController.swift; sourceTree = "<group>"; };
		771D1AA028A5767C00172A30 /* MapPracticeViewController.swift */ = {isa = PBXFileReference; lastKnownFileType = sourcecode.swift; path = MapPracticeViewController.swift; sourceTree = "<group>"; };
		771D1AA728A6CF9F00172A30 /* WeatherModel.swift */ = {isa = PBXFileReference; lastKnownFileType = sourcecode.swift; path = WeatherModel.swift; sourceTree = "<group>"; };
		771D1AA928A6EC3900172A30 /* WeatherViewController.swift */ = {isa = PBXFileReference; lastKnownFileType = sourcecode.swift; path = WeatherViewController.swift; sourceTree = "<group>"; };
		77746CF3289C3128001BF7E0 /* MovieInfoViewController.swift */ = {isa = PBXFileReference; lastKnownFileType = sourcecode.swift; path = MovieInfoViewController.swift; sourceTree = "<group>"; };
		77746CF5289C357F001BF7E0 /* MovieInfoTableViewCell.swift */ = {isa = PBXFileReference; lastKnownFileType = sourcecode.swift; path = MovieInfoTableViewCell.swift; sourceTree = "<group>"; };
		779465D428ABC95A00A86818 /* InitialPageViewController.swift */ = {isa = PBXFileReference; lastKnownFileType = sourcecode.swift; path = InitialPageViewController.swift; sourceTree = "<group>"; };
		779465D628ABCAF000A86818 /* FirstViewController.swift */ = {isa = PBXFileReference; lastKnownFileType = sourcecode.swift; path = FirstViewController.swift; sourceTree = "<group>"; };
		779465D828ABCAF600A86818 /* SecondViewController.swift */ = {isa = PBXFileReference; lastKnownFileType = sourcecode.swift; path = SecondViewController.swift; sourceTree = "<group>"; };
		779465DA28ABCAFF00A86818 /* ThirdViewController.swift */ = {isa = PBXFileReference; lastKnownFileType = sourcecode.swift; path = ThirdViewController.swift; sourceTree = "<group>"; };
		77C7424B28A299F00057D3EB /* Sesac6Assignment.storyboard */ = {isa = PBXFileReference; lastKnownFileType = file.storyboard; path = Sesac6Assignment.storyboard; sourceTree = "<group>"; };
		77C7424D28A29ADD0057D3EB /* CardView.xib */ = {isa = PBXFileReference; lastKnownFileType = file.xib; path = CardView.xib; sourceTree = "<group>"; };
		77C7424F28A29C290057D3EB /* CardView.swift */ = {isa = PBXFileReference; lastKnownFileType = sourcecode.swift; path = CardView.swift; sourceTree = "<group>"; };
		77C7425128A29C960057D3EB /* MainViewController.swift */ = {isa = PBXFileReference; lastKnownFileType = sourcecode.swift; path = MainViewController.swift; sourceTree = "<group>"; };
		77C7425328A29D300057D3EB /* MainTableViewCell.swift */ = {isa = PBXFileReference; lastKnownFileType = sourcecode.swift; path = MainTableViewCell.swift; sourceTree = "<group>"; };
		77C7425528A29D5B0057D3EB /* MainCollectionViewCell.swift */ = {isa = PBXFileReference; lastKnownFileType = sourcecode.swift; path = MainCollectionViewCell.swift; sourceTree = "<group>"; };
		77C7425928A2A7490057D3EB /* MainCollectionViewCell.xib */ = {isa = PBXFileReference; lastKnownFileType = file.xib; path = MainCollectionViewCell.xib; sourceTree = "<group>"; };
		77D6DDEE289D5EB600B65BA0 /* WebViewController.swift */ = {isa = PBXFileReference; lastKnownFileType = sourcecode.swift; path = WebViewController.swift; sourceTree = "<group>"; };
		77D6DDF1289D740000B65BA0 /* APIManager.swift */ = {isa = PBXFileReference; lastKnownFileType = sourcecode.swift; path = APIManager.swift; sourceTree = "<group>"; };
/* End PBXFileReference section */

/* Begin PBXFrameworksBuildPhase section */
		770E87462899F6FB009AC559 /* Frameworks */ = {
			isa = PBXFrameworksBuildPhase;
			buildActionMask = 2147483647;
			files = (
				77D6DDF5289D8DF800B65BA0 /* JGProgressHUD in Frameworks */,
				770E8785289AC2A2009AC559 /* Kingfisher in Frameworks */,
				770E8782289AC29A009AC559 /* SwiftyJSON in Frameworks */,
				770E877F289AC28E009AC559 /* Alamofire in Frameworks */,
			);
			runOnlyForDeploymentPostprocessing = 0;
		};
/* End PBXFrameworksBuildPhase section */

/* Begin PBXGroup section */
		770E87402899F6FB009AC559 = {
			isa = PBXGroup;
			children = (
				770E874B2899F6FB009AC559 /* SeSacTMDBProject */,
				770E874A2899F6FB009AC559 /* Products */,
			);
			sourceTree = "<group>";
		};
		770E874A2899F6FB009AC559 /* Products */ = {
			isa = PBXGroup;
			children = (
				770E87492899F6FB009AC559 /* SeSacTMDBProject.app */,
			);
			name = Products;
			sourceTree = "<group>";
		};
		770E874B2899F6FB009AC559 /* SeSacTMDBProject */ = {
			isa = PBXGroup;
			children = (
				770E875A2899F6FC009AC559 /* Info.plist */,
				770E8770289AB4A8009AC559 /* Application */,
				770E8771289AB4B5009AC559 /* View */,
				770E8772289AB4BB009AC559 /* ViewController */,
				770E8773289AB4C5009AC559 /* ViewCell */,
				770E876F289AB4A1009AC559 /* Model */,
				77D6DDF0289D73E200B65BA0 /* APIManager */,
				770E8774289AB505009AC559 /* Assets */,
			);
			path = SeSacTMDBProject;
			sourceTree = "<group>";
		};
		770E876F289AB4A1009AC559 /* Model */ = {
			isa = PBXGroup;
			children = (
				770E87652899F8A3009AC559 /* APIKey.swift */,
				770E8786289AC36D009AC559 /* TMDBModel.swift */,
				771D1AA728A6CF9F00172A30 /* WeatherModel.swift */,
			);
			path = Model;
			sourceTree = "<group>";
		};
		770E8770289AB4A8009AC559 /* Application */ = {
			isa = PBXGroup;
			children = (
				770E87572899F6FC009AC559 /* LaunchScreen.storyboard */,
				770E874E2899F6FB009AC559 /* SceneDelegate.swift */,
				770E874C2899F6FB009AC559 /* AppDelegate.swift */,
			);
			path = Application;
			sourceTree = "<group>";
		};
		770E8771289AB4B5009AC559 /* View */ = {
			isa = PBXGroup;
			children = (
				770E87522899F6FB009AC559 /* TMDB.storyboard */,
				77C7424B28A299F00057D3EB /* Sesac6Assignment.storyboard */,
				77C7424D28A29ADD0057D3EB /* CardView.xib */,
				77C7424F28A29C290057D3EB /* CardView.swift */,
				77C7425928A2A7490057D3EB /* MainCollectionViewCell.xib */,
			);
			path = View;
			sourceTree = "<group>";
		};
		770E8772289AB4BB009AC559 /* ViewController */ = {
			isa = PBXGroup;
			children = (
				770E8779289AB558009AC559 /* TMDBViewController.swift */,
				77746CF3289C3128001BF7E0 /* MovieInfoViewController.swift */,
				77D6DDEE289D5EB600B65BA0 /* WebViewController.swift */,
				77C7425128A29C960057D3EB /* MainViewController.swift */,
				771D1A9E28A4939500172A30 /* MapViewController.swift */,
				771D1AA928A6EC3900172A30 /* WeatherViewController.swift */,
				771D1AA028A5767C00172A30 /* MapPracticeViewController.swift */,
				779465D428ABC95A00A86818 /* InitialPageViewController.swift */,
				779465D628ABCAF000A86818 /* FirstViewController.swift */,
				779465D828ABCAF600A86818 /* SecondViewController.swift */,
				779465DA28ABCAFF00A86818 /* ThirdViewController.swift */,
			);
			path = ViewController;
			sourceTree = "<group>";
		};
		770E8773289AB4C5009AC559 /* ViewCell */ = {
			isa = PBXGroup;
			children = (
				770E8775289AB545009AC559 /* TMDBCollectionViewCell.swift */,
				770E8776289AB545009AC559 /* TMDBCollectionViewCell.xib */,
				77746CF5289C357F001BF7E0 /* MovieInfoTableViewCell.swift */,
				77C7425328A29D300057D3EB /* MainTableViewCell.swift */,
				77C7425528A29D5B0057D3EB /* MainCollectionViewCell.swift */,
			);
			path = ViewCell;
			sourceTree = "<group>";
		};
		770E8774289AB505009AC559 /* Assets */ = {
			isa = PBXGroup;
			children = (
				770E87552899F6FC009AC559 /* Assets.xcassets */,
			);
			path = Assets;
			sourceTree = "<group>";
		};
		77D6DDF0289D73E200B65BA0 /* APIManager */ = {
			isa = PBXGroup;
			children = (
				77D6DDF1289D740000B65BA0 /* APIManager.swift */,
			);
			path = APIManager;
			sourceTree = "<group>";
		};
/* End PBXGroup section */

/* Begin PBXNativeTarget section */
		770E87482899F6FB009AC559 /* SeSacTMDBProject */ = {
			isa = PBXNativeTarget;
			buildConfigurationList = 770E875D2899F6FC009AC559 /* Build configuration list for PBXNativeTarget "SeSacTMDBProject" */;
			buildPhases = (
				770E87452899F6FB009AC559 /* Sources */,
				770E87462899F6FB009AC559 /* Frameworks */,
				770E87472899F6FB009AC559 /* Resources */,
			);
			buildRules = (
			);
			dependencies = (
			);
			name = SeSacTMDBProject;
			packageProductDependencies = (
				770E877E289AC28E009AC559 /* Alamofire */,
				770E8781289AC29A009AC559 /* SwiftyJSON */,
				770E8784289AC2A2009AC559 /* Kingfisher */,
				77D6DDF4289D8DF800B65BA0 /* JGProgressHUD */,
			);
			productName = SeSacTMDBProject;
			productReference = 770E87492899F6FB009AC559 /* SeSacTMDBProject.app */;
			productType = "com.apple.product-type.application";
		};
/* End PBXNativeTarget section */

/* Begin PBXProject section */
		770E87412899F6FB009AC559 /* Project object */ = {
			isa = PBXProject;
			attributes = {
				BuildIndependentTargetsInParallel = 1;
				LastSwiftUpdateCheck = 1340;
				LastUpgradeCheck = 1340;
				TargetAttributes = {
					770E87482899F6FB009AC559 = {
						CreatedOnToolsVersion = 13.4.1;
					};
				};
			};
			buildConfigurationList = 770E87442899F6FB009AC559 /* Build configuration list for PBXProject "SeSacTMDBProject" */;
			compatibilityVersion = "Xcode 13.0";
			developmentRegion = en;
			hasScannedForEncodings = 0;
			knownRegions = (
				en,
				Base,
			);
			mainGroup = 770E87402899F6FB009AC559;
			packageReferences = (
				770E877D289AC28E009AC559 /* XCRemoteSwiftPackageReference "Alamofire" */,
				770E8780289AC29A009AC559 /* XCRemoteSwiftPackageReference "SwiftyJSON" */,
				770E8783289AC2A2009AC559 /* XCRemoteSwiftPackageReference "Kingfisher" */,
				77D6DDF3289D8DF800B65BA0 /* XCRemoteSwiftPackageReference "JGProgressHUD" */,
			);
			productRefGroup = 770E874A2899F6FB009AC559 /* Products */;
			projectDirPath = "";
			projectRoot = "";
			targets = (
				770E87482899F6FB009AC559 /* SeSacTMDBProject */,
			);
		};
/* End PBXProject section */

/* Begin PBXResourcesBuildPhase section */
		770E87472899F6FB009AC559 /* Resources */ = {
			isa = PBXResourcesBuildPhase;
			buildActionMask = 2147483647;
			files = (
				770E87592899F6FC009AC559 /* LaunchScreen.storyboard in Resources */,
				770E8778289AB545009AC559 /* TMDBCollectionViewCell.xib in Resources */,
				77C7424E28A29ADD0057D3EB /* CardView.xib in Resources */,
				770E87562899F6FC009AC559 /* Assets.xcassets in Resources */,
				77C7424C28A299F00057D3EB /* Sesac6Assignment.storyboard in Resources */,
				77C7425A28A2A7490057D3EB /* MainCollectionViewCell.xib in Resources */,
				770E87542899F6FB009AC559 /* TMDB.storyboard in Resources */,
			);
			runOnlyForDeploymentPostprocessing = 0;
		};
/* End PBXResourcesBuildPhase section */

/* Begin PBXSourcesBuildPhase section */
		770E87452899F6FB009AC559 /* Sources */ = {
			isa = PBXSourcesBuildPhase;
			buildActionMask = 2147483647;
			files = (
				779465D528ABC95A00A86818 /* InitialPageViewController.swift in Sources */,
				77C7425428A29D300057D3EB /* MainTableViewCell.swift in Sources */,
				771D1AAA28A6EC3900172A30 /* WeatherViewController.swift in Sources */,
				77746CF4289C3128001BF7E0 /* MovieInfoViewController.swift in Sources */,
				771D1AA128A5767C00172A30 /* MapPracticeViewController.swift in Sources */,
				77D6DDEF289D5EB600B65BA0 /* WebViewController.swift in Sources */,
				77D6DDF2289D740000B65BA0 /* APIManager.swift in Sources */,
				77C7425228A29C960057D3EB /* MainViewController.swift in Sources */,
				779465DB28ABCAFF00A86818 /* ThirdViewController.swift in Sources */,
				770E877A289AB558009AC559 /* TMDBViewController.swift in Sources */,
				770E874D2899F6FB009AC559 /* AppDelegate.swift in Sources */,
				77C7425628A29D5B0057D3EB /* MainCollectionViewCell.swift in Sources */,
				770E874F2899F6FB009AC559 /* SceneDelegate.swift in Sources */,
				770E87662899F8A3009AC559 /* APIKey.swift in Sources */,
				770E8787289AC36D009AC559 /* TMDBModel.swift in Sources */,
				77746CF6289C357F001BF7E0 /* MovieInfoTableViewCell.swift in Sources */,
				779465D728ABCAF000A86818 /* FirstViewController.swift in Sources */,
				77C7425028A29C290057D3EB /* CardView.swift in Sources */,
				771D1AA828A6CF9F00172A30 /* WeatherModel.swift in Sources */,
				779465D928ABCAF600A86818 /* SecondViewController.swift in Sources */,
				771D1A9F28A4939500172A30 /* MapViewController.swift in Sources */,
				770E8777289AB545009AC559 /* TMDBCollectionViewCell.swift in Sources */,
			);
			runOnlyForDeploymentPostprocessing = 0;
		};
/* End PBXSourcesBuildPhase section */

/* Begin PBXVariantGroup section */
		770E87522899F6FB009AC559 /* TMDB.storyboard */ = {
			isa = PBXVariantGroup;
			children = (
				770E87532899F6FB009AC559 /* Base */,
			);
			name = TMDB.storyboard;
			sourceTree = "<group>";
		};
		770E87572899F6FC009AC559 /* LaunchScreen.storyboard */ = {
			isa = PBXVariantGroup;
			children = (
				770E87582899F6FC009AC559 /* Base */,
			);
			name = LaunchScreen.storyboard;
			sourceTree = "<group>";
		};
/* End PBXVariantGroup section */

/* Begin XCBuildConfiguration section */
		770E875B2899F6FC009AC559 /* Debug */ = {
			isa = XCBuildConfiguration;
			buildSettings = {
				ALWAYS_SEARCH_USER_PATHS = NO;
				CLANG_ANALYZER_NONNULL = YES;
				CLANG_ANALYZER_NUMBER_OBJECT_CONVERSION = YES_AGGRESSIVE;
				CLANG_CXX_LANGUAGE_STANDARD = "gnu++17";
				CLANG_ENABLE_MODULES = YES;
				CLANG_ENABLE_OBJC_ARC = YES;
				CLANG_ENABLE_OBJC_WEAK = YES;
				CLANG_WARN_BLOCK_CAPTURE_AUTORELEASING = YES;
				CLANG_WARN_BOOL_CONVERSION = YES;
				CLANG_WARN_COMMA = YES;
				CLANG_WARN_CONSTANT_CONVERSION = YES;
				CLANG_WARN_DEPRECATED_OBJC_IMPLEMENTATIONS = YES;
				CLANG_WARN_DIRECT_OBJC_ISA_USAGE = YES_ERROR;
				CLANG_WARN_DOCUMENTATION_COMMENTS = YES;
				CLANG_WARN_EMPTY_BODY = YES;
				CLANG_WARN_ENUM_CONVERSION = YES;
				CLANG_WARN_INFINITE_RECURSION = YES;
				CLANG_WARN_INT_CONVERSION = YES;
				CLANG_WARN_NON_LITERAL_NULL_CONVERSION = YES;
				CLANG_WARN_OBJC_IMPLICIT_RETAIN_SELF = YES;
				CLANG_WARN_OBJC_LITERAL_CONVERSION = YES;
				CLANG_WARN_OBJC_ROOT_CLASS = YES_ERROR;
				CLANG_WARN_QUOTED_INCLUDE_IN_FRAMEWORK_HEADER = YES;
				CLANG_WARN_RANGE_LOOP_ANALYSIS = YES;
				CLANG_WARN_STRICT_PROTOTYPES = YES;
				CLANG_WARN_SUSPICIOUS_MOVE = YES;
				CLANG_WARN_UNGUARDED_AVAILABILITY = YES_AGGRESSIVE;
				CLANG_WARN_UNREACHABLE_CODE = YES;
				CLANG_WARN__DUPLICATE_METHOD_MATCH = YES;
				COPY_PHASE_STRIP = NO;
				DEBUG_INFORMATION_FORMAT = dwarf;
				ENABLE_STRICT_OBJC_MSGSEND = YES;
				ENABLE_TESTABILITY = YES;
				GCC_C_LANGUAGE_STANDARD = gnu11;
				GCC_DYNAMIC_NO_PIC = NO;
				GCC_NO_COMMON_BLOCKS = YES;
				GCC_OPTIMIZATION_LEVEL = 0;
				GCC_PREPROCESSOR_DEFINITIONS = (
					"DEBUG=1",
					"$(inherited)",
				);
				GCC_WARN_64_TO_32_BIT_CONVERSION = YES;
				GCC_WARN_ABOUT_RETURN_TYPE = YES_ERROR;
				GCC_WARN_UNDECLARED_SELECTOR = YES;
				GCC_WARN_UNINITIALIZED_AUTOS = YES_AGGRESSIVE;
				GCC_WARN_UNUSED_FUNCTION = YES;
				GCC_WARN_UNUSED_VARIABLE = YES;
				IPHONEOS_DEPLOYMENT_TARGET = 15.5;
				MTL_ENABLE_DEBUG_INFO = INCLUDE_SOURCE;
				MTL_FAST_MATH = YES;
				ONLY_ACTIVE_ARCH = YES;
				SDKROOT = iphoneos;
				SWIFT_ACTIVE_COMPILATION_CONDITIONS = DEBUG;
				SWIFT_OPTIMIZATION_LEVEL = "-Onone";
			};
			name = Debug;
		};
		770E875C2899F6FC009AC559 /* Release */ = {
			isa = XCBuildConfiguration;
			buildSettings = {
				ALWAYS_SEARCH_USER_PATHS = NO;
				CLANG_ANALYZER_NONNULL = YES;
				CLANG_ANALYZER_NUMBER_OBJECT_CONVERSION = YES_AGGRESSIVE;
				CLANG_CXX_LANGUAGE_STANDARD = "gnu++17";
				CLANG_ENABLE_MODULES = YES;
				CLANG_ENABLE_OBJC_ARC = YES;
				CLANG_ENABLE_OBJC_WEAK = YES;
				CLANG_WARN_BLOCK_CAPTURE_AUTORELEASING = YES;
				CLANG_WARN_BOOL_CONVERSION = YES;
				CLANG_WARN_COMMA = YES;
				CLANG_WARN_CONSTANT_CONVERSION = YES;
				CLANG_WARN_DEPRECATED_OBJC_IMPLEMENTATIONS = YES;
				CLANG_WARN_DIRECT_OBJC_ISA_USAGE = YES_ERROR;
				CLANG_WARN_DOCUMENTATION_COMMENTS = YES;
				CLANG_WARN_EMPTY_BODY = YES;
				CLANG_WARN_ENUM_CONVERSION = YES;
				CLANG_WARN_INFINITE_RECURSION = YES;
				CLANG_WARN_INT_CONVERSION = YES;
				CLANG_WARN_NON_LITERAL_NULL_CONVERSION = YES;
				CLANG_WARN_OBJC_IMPLICIT_RETAIN_SELF = YES;
				CLANG_WARN_OBJC_LITERAL_CONVERSION = YES;
				CLANG_WARN_OBJC_ROOT_CLASS = YES_ERROR;
				CLANG_WARN_QUOTED_INCLUDE_IN_FRAMEWORK_HEADER = YES;
				CLANG_WARN_RANGE_LOOP_ANALYSIS = YES;
				CLANG_WARN_STRICT_PROTOTYPES = YES;
				CLANG_WARN_SUSPICIOUS_MOVE = YES;
				CLANG_WARN_UNGUARDED_AVAILABILITY = YES_AGGRESSIVE;
				CLANG_WARN_UNREACHABLE_CODE = YES;
				CLANG_WARN__DUPLICATE_METHOD_MATCH = YES;
				COPY_PHASE_STRIP = NO;
				DEBUG_INFORMATION_FORMAT = "dwarf-with-dsym";
				ENABLE_NS_ASSERTIONS = NO;
				ENABLE_STRICT_OBJC_MSGSEND = YES;
				GCC_C_LANGUAGE_STANDARD = gnu11;
				GCC_NO_COMMON_BLOCKS = YES;
				GCC_WARN_64_TO_32_BIT_CONVERSION = YES;
				GCC_WARN_ABOUT_RETURN_TYPE = YES_ERROR;
				GCC_WARN_UNDECLARED_SELECTOR = YES;
				GCC_WARN_UNINITIALIZED_AUTOS = YES_AGGRESSIVE;
				GCC_WARN_UNUSED_FUNCTION = YES;
				GCC_WARN_UNUSED_VARIABLE = YES;
				IPHONEOS_DEPLOYMENT_TARGET = 15.5;
				MTL_ENABLE_DEBUG_INFO = NO;
				MTL_FAST_MATH = YES;
				SDKROOT = iphoneos;
				SWIFT_COMPILATION_MODE = wholemodule;
				SWIFT_OPTIMIZATION_LEVEL = "-O";
				VALIDATE_PRODUCT = YES;
			};
			name = Release;
		};
		770E875E2899F6FC009AC559 /* Debug */ = {
			isa = XCBuildConfiguration;
			buildSettings = {
				ASSETCATALOG_COMPILER_APPICON_NAME = AppIcon;
				ASSETCATALOG_COMPILER_GLOBAL_ACCENT_COLOR_NAME = AccentColor;
				CODE_SIGN_STYLE = Automatic;
				CURRENT_PROJECT_VERSION = 1;
				DEVELOPMENT_TEAM = 5286U5DLX4;
				GENERATE_INFOPLIST_FILE = YES;
				INFOPLIST_FILE = SeSacTMDBProject/Info.plist;
				INFOPLIST_KEY_UIApplicationSupportsIndirectInputEvents = YES;
				INFOPLIST_KEY_UILaunchStoryboardName = LaunchScreen;
				INFOPLIST_KEY_UIMainStoryboardFile = TMDB;
				INFOPLIST_KEY_UISupportedInterfaceOrientations_iPad = "UIInterfaceOrientationPortrait UIInterfaceOrientationPortraitUpsideDown UIInterfaceOrientationLandscapeLeft UIInterfaceOrientationLandscapeRight";
				INFOPLIST_KEY_UISupportedInterfaceOrientations_iPhone = "UIInterfaceOrientationPortrait UIInterfaceOrientationLandscapeLeft UIInterfaceOrientationLandscapeRight";
				LD_RUNPATH_SEARCH_PATHS = (
					"$(inherited)",
					"@executable_path/Frameworks",
				);
				MARKETING_VERSION = 1.0;
				PRODUCT_BUNDLE_IDENTIFIER = com.MosonLee.SeSacTMDBProject;
				PRODUCT_NAME = "$(TARGET_NAME)";
				SWIFT_EMIT_LOC_STRINGS = YES;
				SWIFT_VERSION = 5.0;
				TARGETED_DEVICE_FAMILY = 1;
			};
			name = Debug;
		};
		770E875F2899F6FC009AC559 /* Release */ = {
			isa = XCBuildConfiguration;
			buildSettings = {
				ASSETCATALOG_COMPILER_APPICON_NAME = AppIcon;
				ASSETCATALOG_COMPILER_GLOBAL_ACCENT_COLOR_NAME = AccentColor;
				CODE_SIGN_STYLE = Automatic;
				CURRENT_PROJECT_VERSION = 1;
				DEVELOPMENT_TEAM = 5286U5DLX4;
				GENERATE_INFOPLIST_FILE = YES;
				INFOPLIST_FILE = SeSacTMDBProject/Info.plist;
				INFOPLIST_KEY_UIApplicationSupportsIndirectInputEvents = YES;
				INFOPLIST_KEY_UILaunchStoryboardName = LaunchScreen;
				INFOPLIST_KEY_UIMainStoryboardFile = TMDB;
				INFOPLIST_KEY_UISupportedInterfaceOrientations_iPad = "UIInterfaceOrientationPortrait UIInterfaceOrientationPortraitUpsideDown UIInterfaceOrientationLandscapeLeft UIInterfaceOrientationLandscapeRight";
				INFOPLIST_KEY_UISupportedInterfaceOrientations_iPhone = "UIInterfaceOrientationPortrait UIInterfaceOrientationLandscapeLeft UIInterfaceOrientationLandscapeRight";
				LD_RUNPATH_SEARCH_PATHS = (
					"$(inherited)",
					"@executable_path/Frameworks",
				);
				MARKETING_VERSION = 1.0;
				PRODUCT_BUNDLE_IDENTIFIER = com.MosonLee.SeSacTMDBProject;
				PRODUCT_NAME = "$(TARGET_NAME)";
				SWIFT_EMIT_LOC_STRINGS = YES;
				SWIFT_VERSION = 5.0;
				TARGETED_DEVICE_FAMILY = 1;
			};
			name = Release;
		};
/* End XCBuildConfiguration section */

/* Begin XCConfigurationList section */
		770E87442899F6FB009AC559 /* Build configuration list for PBXProject "SeSacTMDBProject" */ = {
			isa = XCConfigurationList;
			buildConfigurations = (
				770E875B2899F6FC009AC559 /* Debug */,
				770E875C2899F6FC009AC559 /* Release */,
			);
			defaultConfigurationIsVisible = 0;
			defaultConfigurationName = Release;
		};
		770E875D2899F6FC009AC559 /* Build configuration list for PBXNativeTarget "SeSacTMDBProject" */ = {
			isa = XCConfigurationList;
			buildConfigurations = (
				770E875E2899F6FC009AC559 /* Debug */,
				770E875F2899F6FC009AC559 /* Release */,
			);
			defaultConfigurationIsVisible = 0;
			defaultConfigurationName = Release;
		};
/* End XCConfigurationList section */

/* Begin XCRemoteSwiftPackageReference section */
		770E877D289AC28E009AC559 /* XCRemoteSwiftPackageReference "Alamofire" */ = {
			isa = XCRemoteSwiftPackageReference;
			repositoryURL = "https://github.com/Alamofire/Alamofire.git";
			requirement = {
				kind = upToNextMajorVersion;
				minimumVersion = 5.0.0;
			};
		};
		770E8780289AC29A009AC559 /* XCRemoteSwiftPackageReference "SwiftyJSON" */ = {
			isa = XCRemoteSwiftPackageReference;
			repositoryURL = "https://github.com/SwiftyJSON/SwiftyJSON.git";
			requirement = {
				branch = master;
				kind = branch;
			};
		};
		770E8783289AC2A2009AC559 /* XCRemoteSwiftPackageReference "Kingfisher" */ = {
			isa = XCRemoteSwiftPackageReference;
			repositoryURL = "https://github.com/onevcat/Kingfisher.git";
			requirement = {
				branch = master;
				kind = branch;
			};
		};
		77D6DDF3289D8DF800B65BA0 /* XCRemoteSwiftPackageReference "JGProgressHUD" */ = {
			isa = XCRemoteSwiftPackageReference;
			repositoryURL = "https://github.com/JonasGessner/JGProgressHUD.git";
			requirement = {
				branch = master;
				kind = branch;
			};
		};
/* End XCRemoteSwiftPackageReference section */

/* Begin XCSwiftPackageProductDependency section */
		770E877E289AC28E009AC559 /* Alamofire */ = {
			isa = XCSwiftPackageProductDependency;
			package = 770E877D289AC28E009AC559 /* XCRemoteSwiftPackageReference "Alamofire" */;
			productName = Alamofire;
		};
		770E8781289AC29A009AC559 /* SwiftyJSON */ = {
			isa = XCSwiftPackageProductDependency;
			package = 770E8780289AC29A009AC559 /* XCRemoteSwiftPackageReference "SwiftyJSON" */;
			productName = SwiftyJSON;
		};
		770E8784289AC2A2009AC559 /* Kingfisher */ = {
			isa = XCSwiftPackageProductDependency;
			package = 770E8783289AC2A2009AC559 /* XCRemoteSwiftPackageReference "Kingfisher" */;
			productName = Kingfisher;
		};
		77D6DDF4289D8DF800B65BA0 /* JGProgressHUD */ = {
			isa = XCSwiftPackageProductDependency;
			package = 77D6DDF3289D8DF800B65BA0 /* XCRemoteSwiftPackageReference "JGProgressHUD" */;
			productName = JGProgressHUD;
		};
/* End XCSwiftPackageProductDependency section */
	};
	rootObject = 770E87412899F6FB009AC559 /* Project object */;
}
